
Microsoft Visual Studio Solution File, Format Version 12.00
# Visual Studio 15
VisualStudioVersion = 15.0.26403.7
MinimumVisualStudioVersion = 10.0.40219.1
Project("{2150E333-8FDC-42A3-9474-1A3956D46DE8}") = "1 Exemple 001", "1 Exemple 001", "{41CE4C70-D62B-4178-9D2A-C4D71000B634}"
EndProject
Project("{2150E333-8FDC-42A3-9474-1A3956D46DE8}") = "1 Découverte", "1 Découverte", "{F2D30470-D131-4EEA-96BA-DF25EDE753F7}"
EndProject
Project("{FAE04EC0-301F-11D3-BF4B-00C04F79EFBC}") = "R2D2pret", "R2D2pret\R2D2pret.csproj", "{2171B6D1-782A-4946-8F3B-F6202C530848}"
EndProject
Project("{2150E333-8FDC-42A3-9474-1A3956D46DE8}") = "2 Exemple 003", "2 Exemple 003", "{4BEF7CAB-3ACB-4A76-AE4F-7A7345AF501F}"
EndProject
Project("{FAE04EC0-301F-11D3-BF4B-00C04F79EFBC}") = "R2D2pret2", "R2D2pret2\R2D2pret2.csproj", "{09A4EEA8-D605-44AE-9B1B-80CB8463B8E2}"
EndProject
Project("{2150E333-8FDC-42A3-9474-1A3956D46DE8}") = "2 Variables et instructions", "2 Variables et instructions", "{B7D79CCE-D166-45D4-897D-BC8385BCB60F}"
EndProject
Project("{2150E333-8FDC-42A3-9474-1A3956D46DE8}") = "1 Les variables", "1 Les variables", "{6B358228-6AC6-4C4D-B627-05777C35FA1B}"
EndProject
Project("{2150E333-8FDC-42A3-9474-1A3956D46DE8}") = "Exemple 004", "Exemple 004", "{C095AD1A-8931-4E58-9427-4FE712B4BCAF}"
EndProject
Project("{FAE04EC0-301F-11D3-BF4B-00C04F79EFBC}") = "1R2D2prendVieLesTypesPrimitifs", "R2D2prendVie  - Les types primitifs\1R2D2prendVieLesTypesPrimitifs.csproj", "{D6356F13-0D9B-44FC-92F5-6F21A8B6B5D6}"
EndProject
Project("{FAE04EC0-301F-11D3-BF4B-00C04F79EFBC}") = "2R2D2prendVie", "R2D2prendVie\2R2D2prendVie.csproj", "{A1BCDBF4-554B-4331-BAAB-85E96DE95FBB}"
EndProject
Project("{FAE04EC0-301F-11D3-BF4B-00C04F79EFBC}") = "3R2D2prendVieOperateurs", "3R2D2prendVieOperateurs\3R2D2prendVieOperateurs.csproj", "{C501D2CB-F786-4A57-B978-51E054D9D78C}"
EndProject
Project("{2150E333-8FDC-42A3-9474-1A3956D46DE8}") = "Exemple 005", "Exemple 005", "{71A90566-1B0D-4592-BCE5-A0EC5EE67D97}"
EndProject
Project("{2150E333-8FDC-42A3-9474-1A3956D46DE8}") = "2 Boucles et conditions", "2 Boucles et conditions", "{3E5C984E-AF76-4EDB-B255-8EF9E527AE5C}"
EndProject
Project("{2150E333-8FDC-42A3-9474-1A3956D46DE8}") = "Exemple 006", "Exemple 006", "{09E9F145-06A5-46FD-99E8-F7009F04C0A6}"
EndProject
Project("{2150E333-8FDC-42A3-9474-1A3956D46DE8}") = "Exemple 007", "Exemple 007", "{B80A10C2-74EE-49CF-B6C5-6A489C2765E4}"
EndProject
Project("{2150E333-8FDC-42A3-9474-1A3956D46DE8}") = "Exemple 008", "Exemple 008", "{9E1DEDD6-EAE8-41B6-AED4-A6B9CE5FA4CF}"
EndProject
Project("{FAE04EC0-301F-11D3-BF4B-00C04F79EFBC}") = "6R2D2pretString", "6R2D2pretString\6R2D2pretString.csproj", "{5DD5F0FE-1A02-47D8-A281-06E8E76C59B5}"
EndProject
Project("{FAE04EC0-301F-11D3-BF4B-00C04F79EFBC}") = "8R2D2pretTableau", "8R2D2pretTableaux\8R2D2pretTableau.csproj", "{6914D7ED-0C7D-4ECF-8ACE-4C53AE6C773E}"
EndProject
Project("{FAE04EC0-301F-11D3-BF4B-00C04F79EFBC}") = "7R2D2pretConditionEtIteration", "7R2D2pretConditionEtIteration\7R2D2pretConditionEtIteration.csproj", "{27D79BB2-B40B-4B5A-9815-02E3779858D3}"
EndProject
Project("{2150E333-8FDC-42A3-9474-1A3956D46DE8}") = "3 Tableaux et listes", "3 Tableaux et listes", "{50B6B9AB-6F6E-42C2-BFF2-8E3A4B649B11}"
EndProject
Project("{2150E333-8FDC-42A3-9474-1A3956D46DE8}") = "Exemple 009", "Exemple 009", "{66491902-9B4B-4C99-A10E-AF3FD842BC06}"
EndProject
Project("{FAE04EC0-301F-11D3-BF4B-00C04F79EFBC}") = "9R2D2pretListe", "9R2D2pretListe\9R2D2pretListe.csproj", "{0986E13E-8238-4FD3-9F05-2D6E3C22BA04}"
EndProject
Project("{2150E333-8FDC-42A3-9474-1A3956D46DE8}") = "Boss 1", "Boss 1", "{BE14DDD2-A343-4420-9CA9-5CAD39B0217F}"
EndProject
Project("{2150E333-8FDC-42A3-9474-1A3956D46DE8}") = "Boss 2", "Boss 2", "{7484E419-6C80-42E7-81F0-35D390399DF3}"
EndProject
Project("{FAE04EC0-301F-11D3-BF4B-00C04F79EFBC}") = "CsharpCodageRobot", "PremierBoss\CsharpCodageRobot.csproj", "{09153FC7-C1A6-4AA5-918C-0B8E6C362959}"
EndProject
Project("{FAE04EC0-301F-11D3-BF4B-00C04F79EFBC}") = "CsharpCodageRobotLibrary", "CsharpCodageRobotLibrary\CsharpCodageRobotLibrary.csproj", "{DC7FA600-8D57-4B7B-AC90-04BB397110B8}"
EndProject
Project("{FAE04EC0-301F-11D3-BF4B-00C04F79EFBC}") = "CsharpCodageRobot2", "CsharpCodageRobot2\CsharpCodageRobot2.csproj", "{FCB0F436-BD67-444B-B83B-958C2B958DEC}"
EndProject
Project("{2150E333-8FDC-42A3-9474-1A3956D46DE8}") = "3 Méthodes et classes", "3 Méthodes et classes", "{902D6C93-F67C-4A7B-89C3-60B69471579C}"
EndProject
Project("{2150E333-8FDC-42A3-9474-1A3956D46DE8}") = "1 Méthodes", "1 Méthodes", "{AB2199B4-BCB7-4455-ABE3-97503A1C6C1C}"
EndProject
Project("{2150E333-8FDC-42A3-9474-1A3956D46DE8}") = "2 Classes et héritage", "2 Classes et héritage", "{7AFE58BC-F002-43BA-BEC8-382F8C7D7C8C}"
EndProject
Project("{FAE04EC0-301F-11D3-BF4B-00C04F79EFBC}") = "10CsharpCodageRobotAvecMethodes", "10CsharpCodageRobotAvecMethodes\10CsharpCodageRobotAvecMethodes.csproj", "{14943233-36C3-4DC7-AA77-09EB5B624649}"
EndProject
Project("{2150E333-8FDC-42A3-9474-1A3956D46DE8}") = "1 Exemple 010", "1 Exemple 010", "{5A586EE7-1DB9-4355-B90B-93F77F2F5097}"
EndProject
Project("{2150E333-8FDC-42A3-9474-1A3956D46DE8}") = "2 Exemple 011", "2 Exemple 011", "{E18808A0-A63C-4BE5-AA67-90F1B9DA4590}"
EndProject
Project("{FAE04EC0-301F-11D3-BF4B-00C04F79EFBC}") = "11CsharpCodageRobotAvecMethodesSurcharges", "11CsharpCodageRobotAvecMethodesSurcharges\11CsharpCodageRobotAvecMethodesSurcharges.csproj", "{004F550F-2C7D-46DA-88AF-71E77D116461}"
EndProject
Project("{2150E333-8FDC-42A3-9474-1A3956D46DE8}") = "Boss 3", "Boss 3", "{F55DDD96-823E-46B1-AB96-56657F9D5A4D}"
EndProject
Project("{FAE04EC0-301F-11D3-BF4B-00C04F79EFBC}") = "CsharpCodageRobot3", "CsharpCodageRobot3\CsharpCodageRobot3.csproj", "{017D0CB9-E214-4E84-A964-C5647017CB9F}"
EndProject
Project("{2150E333-8FDC-42A3-9474-1A3956D46DE8}") = "1 Exemple 012", "1 Exemple 012", "{C38F20D2-7DB0-478C-8490-A30C964FA3B8}"
EndProject
Project("{FAE04EC0-301F-11D3-BF4B-00C04F79EFBC}") = "012DesClassesEtDesObjets", "012DesClassesEtDesObjets\012DesClassesEtDesObjets.csproj", "{3C9B0D2C-1951-4DF4-8FF5-CC340FD61FE3}"
EndProject
Project("{FAE04EC0-301F-11D3-BF4B-00C04F79EFBC}") = "013DesClassesEtDesObjetsUtilisation", "013DesClassesEtDesObjetsUtilisation\013DesClassesEtDesObjetsUtilisation.csproj", "{B1FAA032-32AA-42A1-AC81-D8496D686AD5}"
EndProject
Project("{2150E333-8FDC-42A3-9474-1A3956D46DE8}") = "3 Exemple 014", "3 Exemple 014", "{451AA8F8-C877-471E-9BBD-1A92C336F4C7}"
EndProject
Project("{2150E333-8FDC-42A3-9474-1A3956D46DE8}") = "2 Exemple 013", "2 Exemple 013", "{F2CA0F7D-3BE2-4762-9519-CF83E7A4BFBD}"
EndProject
Project("{FAE04EC0-301F-11D3-BF4B-00C04F79EFBC}") = "014DesClassesEtDesObjetsUtilisationHeritage", "014DesClassesEtDesObjetsUtilisation\014DesClassesEtDesObjetsUtilisationHeritage.csproj", "{CDCC4751-3EB8-47A0-83BA-CD14C3FF0AC1}"
EndProject
Project("{FAE04EC0-301F-11D3-BF4B-00C04F79EFBC}") = "LesRobots", "LesRobots\LesRobots.csproj", "{86743691-1639-4F8F-A0BB-BD6C8AD1EF15}"
EndProject
Project("{2150E333-8FDC-42A3-9474-1A3956D46DE8}") = "Boss 4", "Boss 4", "{24F41EF9-781F-4CB2-BF1E-3F073E83D55D}"
EndProject
Project("{FAE04EC0-301F-11D3-BF4B-00C04F79EFBC}") = "LattaqueDesClones", "LattaqueDesClones\LattaqueDesClones.csproj", "{BE65811B-9E4B-49F7-8B97-FD851BA17358}"
EndProject
Project("{2150E333-8FDC-42A3-9474-1A3956D46DE8}") = "4 Exceptions", "4 Exceptions", "{21D27359-5D8B-4CDF-AA67-DB312AC8CA85}"
EndProject
Project("{2150E333-8FDC-42A3-9474-1A3956D46DE8}") = "Exemple 015", "Exemple 015", "{2055618E-085F-4708-9387-BB28E226BCCE}"
EndProject
Project("{FAE04EC0-301F-11D3-BF4B-00C04F79EFBC}") = "15ApprendreEtComprendreExceptions", "15ApprendreEtComprendreExceptions\15ApprendreEtComprendreExceptions.csproj", "{892E4CBF-16F7-4D3A-89AB-1A6C67583E8E}"
EndProject
Project("{2150E333-8FDC-42A3-9474-1A3956D46DE8}") = "5 Fichiers", "5 Fichiers", "{1144B9FA-A3CF-4274-AB09-A7299285B9B3}"
EndProject
Project("{2150E333-8FDC-42A3-9474-1A3956D46DE8}") = "Exemple 016", "Exemple 016", "{75079457-D994-4AAE-A86E-D0CEF7A34704}"
EndProject
Project("{2150E333-8FDC-42A3-9474-1A3956D46DE8}") = "Boss final", "Boss final", "{9B1F9964-7E52-4D5D-97A9-9DB9464EFA70}"
EndProject
Project("{FAE04EC0-301F-11D3-BF4B-00C04F79EFBC}") = "LireEcrireFichiers", "LireEcrireFichiers\LireEcrireFichiers.csproj", "{650B0EC8-B639-4BFE-A194-FE678AB243C2}"
EndProject
Project("{FAE04EC0-301F-11D3-BF4B-00C04F79EFBC}") = "LattaqueDesClones2", "LattaqueDesClones2\LattaqueDesClones2.csproj", "{D5ECBF56-F1A3-444F-B14B-4682C07F09F2}"
EndProject
Project("{FAE04EC0-301F-11D3-BF4B-00C04F79EFBC}") = "LesRobots2", "LesRobots2\LesRobots2.csproj", "{B9F4E042-9782-4F1A-886A-B472562D67E9}"
EndProject
Global
	GlobalSection(SolutionConfigurationPlatforms) = preSolution
		Debug|Any CPU = Debug|Any CPU
		Release|Any CPU = Release|Any CPU
	EndGlobalSection
	GlobalSection(ProjectConfigurationPlatforms) = postSolution
		{2171B6D1-782A-4946-8F3B-F6202C530848}.Debug|Any CPU.ActiveCfg = Debug|Any CPU
		{2171B6D1-782A-4946-8F3B-F6202C530848}.Debug|Any CPU.Build.0 = Debug|Any CPU
		{2171B6D1-782A-4946-8F3B-F6202C530848}.Release|Any CPU.ActiveCfg = Release|Any CPU
		{2171B6D1-782A-4946-8F3B-F6202C530848}.Release|Any CPU.Build.0 = Release|Any CPU
		{09A4EEA8-D605-44AE-9B1B-80CB8463B8E2}.Debug|Any CPU.ActiveCfg = Debug|Any CPU
		{09A4EEA8-D605-44AE-9B1B-80CB8463B8E2}.Debug|Any CPU.Build.0 = Debug|Any CPU
		{09A4EEA8-D605-44AE-9B1B-80CB8463B8E2}.Release|Any CPU.ActiveCfg = Release|Any CPU
		{09A4EEA8-D605-44AE-9B1B-80CB8463B8E2}.Release|Any CPU.Build.0 = Release|Any CPU
		{D6356F13-0D9B-44FC-92F5-6F21A8B6B5D6}.Debug|Any CPU.ActiveCfg = Debug|Any CPU
		{D6356F13-0D9B-44FC-92F5-6F21A8B6B5D6}.Debug|Any CPU.Build.0 = Debug|Any CPU
		{D6356F13-0D9B-44FC-92F5-6F21A8B6B5D6}.Release|Any CPU.ActiveCfg = Release|Any CPU
		{D6356F13-0D9B-44FC-92F5-6F21A8B6B5D6}.Release|Any CPU.Build.0 = Release|Any CPU
		{A1BCDBF4-554B-4331-BAAB-85E96DE95FBB}.Debug|Any CPU.ActiveCfg = Debug|Any CPU
		{A1BCDBF4-554B-4331-BAAB-85E96DE95FBB}.Debug|Any CPU.Build.0 = Debug|Any CPU
		{A1BCDBF4-554B-4331-BAAB-85E96DE95FBB}.Release|Any CPU.ActiveCfg = Release|Any CPU
		{A1BCDBF4-554B-4331-BAAB-85E96DE95FBB}.Release|Any CPU.Build.0 = Release|Any CPU
		{C501D2CB-F786-4A57-B978-51E054D9D78C}.Debug|Any CPU.ActiveCfg = Debug|Any CPU
		{C501D2CB-F786-4A57-B978-51E054D9D78C}.Debug|Any CPU.Build.0 = Debug|Any CPU
		{C501D2CB-F786-4A57-B978-51E054D9D78C}.Release|Any CPU.ActiveCfg = Release|Any CPU
		{C501D2CB-F786-4A57-B978-51E054D9D78C}.Release|Any CPU.Build.0 = Release|Any CPU
		{5DD5F0FE-1A02-47D8-A281-06E8E76C59B5}.Debug|Any CPU.ActiveCfg = Debug|Any CPU
		{5DD5F0FE-1A02-47D8-A281-06E8E76C59B5}.Debug|Any CPU.Build.0 = Debug|Any CPU
		{5DD5F0FE-1A02-47D8-A281-06E8E76C59B5}.Release|Any CPU.ActiveCfg = Release|Any CPU
		{5DD5F0FE-1A02-47D8-A281-06E8E76C59B5}.Release|Any CPU.Build.0 = Release|Any CPU
		{6914D7ED-0C7D-4ECF-8ACE-4C53AE6C773E}.Debug|Any CPU.ActiveCfg = Debug|Any CPU
		{6914D7ED-0C7D-4ECF-8ACE-4C53AE6C773E}.Debug|Any CPU.Build.0 = Debug|Any CPU
		{6914D7ED-0C7D-4ECF-8ACE-4C53AE6C773E}.Release|Any CPU.ActiveCfg = Release|Any CPU
		{6914D7ED-0C7D-4ECF-8ACE-4C53AE6C773E}.Release|Any CPU.Build.0 = Release|Any CPU
		{27D79BB2-B40B-4B5A-9815-02E3779858D3}.Debug|Any CPU.ActiveCfg = Debug|Any CPU
		{27D79BB2-B40B-4B5A-9815-02E3779858D3}.Debug|Any CPU.Build.0 = Debug|Any CPU
		{27D79BB2-B40B-4B5A-9815-02E3779858D3}.Release|Any CPU.ActiveCfg = Release|Any CPU
		{27D79BB2-B40B-4B5A-9815-02E3779858D3}.Release|Any CPU.Build.0 = Release|Any CPU
		{0986E13E-8238-4FD3-9F05-2D6E3C22BA04}.Debug|Any CPU.ActiveCfg = Debug|Any CPU
		{0986E13E-8238-4FD3-9F05-2D6E3C22BA04}.Debug|Any CPU.Build.0 = Debug|Any CPU
		{0986E13E-8238-4FD3-9F05-2D6E3C22BA04}.Release|Any CPU.ActiveCfg = Release|Any CPU
		{0986E13E-8238-4FD3-9F05-2D6E3C22BA04}.Release|Any CPU.Build.0 = Release|Any CPU
		{09153FC7-C1A6-4AA5-918C-0B8E6C362959}.Debug|Any CPU.ActiveCfg = Debug|Any CPU
		{09153FC7-C1A6-4AA5-918C-0B8E6C362959}.Debug|Any CPU.Build.0 = Debug|Any CPU
		{09153FC7-C1A6-4AA5-918C-0B8E6C362959}.Release|Any CPU.ActiveCfg = Release|Any CPU
		{09153FC7-C1A6-4AA5-918C-0B8E6C362959}.Release|Any CPU.Build.0 = Release|Any CPU
		{DC7FA600-8D57-4B7B-AC90-04BB397110B8}.Debug|Any CPU.ActiveCfg = Debug|Any CPU
		{DC7FA600-8D57-4B7B-AC90-04BB397110B8}.Debug|Any CPU.Build.0 = Debug|Any CPU
		{DC7FA600-8D57-4B7B-AC90-04BB397110B8}.Release|Any CPU.ActiveCfg = Release|Any CPU
		{DC7FA600-8D57-4B7B-AC90-04BB397110B8}.Release|Any CPU.Build.0 = Release|Any CPU
		{FCB0F436-BD67-444B-B83B-958C2B958DEC}.Debug|Any CPU.ActiveCfg = Debug|Any CPU
		{FCB0F436-BD67-444B-B83B-958C2B958DEC}.Debug|Any CPU.Build.0 = Debug|Any CPU
		{FCB0F436-BD67-444B-B83B-958C2B958DEC}.Release|Any CPU.ActiveCfg = Release|Any CPU
		{FCB0F436-BD67-444B-B83B-958C2B958DEC}.Release|Any CPU.Build.0 = Release|Any CPU
		{14943233-36C3-4DC7-AA77-09EB5B624649}.Debug|Any CPU.ActiveCfg = Debug|Any CPU
		{14943233-36C3-4DC7-AA77-09EB5B624649}.Debug|Any CPU.Build.0 = Debug|Any CPU
		{14943233-36C3-4DC7-AA77-09EB5B624649}.Release|Any CPU.ActiveCfg = Release|Any CPU
		{14943233-36C3-4DC7-AA77-09EB5B624649}.Release|Any CPU.Build.0 = Release|Any CPU
		{004F550F-2C7D-46DA-88AF-71E77D116461}.Debug|Any CPU.ActiveCfg = Debug|Any CPU
		{004F550F-2C7D-46DA-88AF-71E77D116461}.Debug|Any CPU.Build.0 = Debug|Any CPU
		{004F550F-2C7D-46DA-88AF-71E77D116461}.Release|Any CPU.ActiveCfg = Release|Any CPU
		{004F550F-2C7D-46DA-88AF-71E77D116461}.Release|Any CPU.Build.0 = Release|Any CPU
		{017D0CB9-E214-4E84-A964-C5647017CB9F}.Debug|Any CPU.ActiveCfg = Debug|Any CPU
		{017D0CB9-E214-4E84-A964-C5647017CB9F}.Debug|Any CPU.Build.0 = Debug|Any CPU
		{017D0CB9-E214-4E84-A964-C5647017CB9F}.Release|Any CPU.ActiveCfg = Release|Any CPU
		{017D0CB9-E214-4E84-A964-C5647017CB9F}.Release|Any CPU.Build.0 = Release|Any CPU
		{3C9B0D2C-1951-4DF4-8FF5-CC340FD61FE3}.Debug|Any CPU.ActiveCfg = Debug|Any CPU
		{3C9B0D2C-1951-4DF4-8FF5-CC340FD61FE3}.Debug|Any CPU.Build.0 = Debug|Any CPU
		{3C9B0D2C-1951-4DF4-8FF5-CC340FD61FE3}.Release|Any CPU.ActiveCfg = Release|Any CPU
		{3C9B0D2C-1951-4DF4-8FF5-CC340FD61FE3}.Release|Any CPU.Build.0 = Release|Any CPU
		{B1FAA032-32AA-42A1-AC81-D8496D686AD5}.Debug|Any CPU.ActiveCfg = Debug|Any CPU
		{B1FAA032-32AA-42A1-AC81-D8496D686AD5}.Debug|Any CPU.Build.0 = Debug|Any CPU
		{B1FAA032-32AA-42A1-AC81-D8496D686AD5}.Release|Any CPU.ActiveCfg = Release|Any CPU
		{B1FAA032-32AA-42A1-AC81-D8496D686AD5}.Release|Any CPU.Build.0 = Release|Any CPU
		{CDCC4751-3EB8-47A0-83BA-CD14C3FF0AC1}.Debug|Any CPU.ActiveCfg = Debug|Any CPU
		{CDCC4751-3EB8-47A0-83BA-CD14C3FF0AC1}.Debug|Any CPU.Build.0 = Debug|Any CPU
		{CDCC4751-3EB8-47A0-83BA-CD14C3FF0AC1}.Release|Any CPU.ActiveCfg = Release|Any CPU
		{CDCC4751-3EB8-47A0-83BA-CD14C3FF0AC1}.Release|Any CPU.Build.0 = Release|Any CPU
		{86743691-1639-4F8F-A0BB-BD6C8AD1EF15}.Debug|Any CPU.ActiveCfg = Debug|Any CPU
		{86743691-1639-4F8F-A0BB-BD6C8AD1EF15}.Debug|Any CPU.Build.0 = Debug|Any CPU
		{86743691-1639-4F8F-A0BB-BD6C8AD1EF15}.Release|Any CPU.ActiveCfg = Release|Any CPU
		{86743691-1639-4F8F-A0BB-BD6C8AD1EF15}.Release|Any CPU.Build.0 = Release|Any CPU
		{BE65811B-9E4B-49F7-8B97-FD851BA17358}.Debug|Any CPU.ActiveCfg = Debug|Any CPU
		{BE65811B-9E4B-49F7-8B97-FD851BA17358}.Debug|Any CPU.Build.0 = Debug|Any CPU
		{BE65811B-9E4B-49F7-8B97-FD851BA17358}.Release|Any CPU.ActiveCfg = Release|Any CPU
		{BE65811B-9E4B-49F7-8B97-FD851BA17358}.Release|Any CPU.Build.0 = Release|Any CPU
		{892E4CBF-16F7-4D3A-89AB-1A6C67583E8E}.Debug|Any CPU.ActiveCfg = Debug|Any CPU
		{892E4CBF-16F7-4D3A-89AB-1A6C67583E8E}.Debug|Any CPU.Build.0 = Debug|Any CPU
		{892E4CBF-16F7-4D3A-89AB-1A6C67583E8E}.Release|Any CPU.ActiveCfg = Release|Any CPU
		{892E4CBF-16F7-4D3A-89AB-1A6C67583E8E}.Release|Any CPU.Build.0 = Release|Any CPU
		{650B0EC8-B639-4BFE-A194-FE678AB243C2}.Debug|Any CPU.ActiveCfg = Debug|Any CPU
		{650B0EC8-B639-4BFE-A194-FE678AB243C2}.Debug|Any CPU.Build.0 = Debug|Any CPU
		{650B0EC8-B639-4BFE-A194-FE678AB243C2}.Release|Any CPU.ActiveCfg = Release|Any CPU
		{650B0EC8-B639-4BFE-A194-FE678AB243C2}.Release|Any CPU.Build.0 = Release|Any CPU
		{D5ECBF56-F1A3-444F-B14B-4682C07F09F2}.Debug|Any CPU.ActiveCfg = Debug|Any CPU
		{D5ECBF56-F1A3-444F-B14B-4682C07F09F2}.Debug|Any CPU.Build.0 = Debug|Any CPU
		{D5ECBF56-F1A3-444F-B14B-4682C07F09F2}.Release|Any CPU.ActiveCfg = Release|Any CPU
		{D5ECBF56-F1A3-444F-B14B-4682C07F09F2}.Release|Any CPU.Build.0 = Release|Any CPU
		{B9F4E042-9782-4F1A-886A-B472562D67E9}.Debug|Any CPU.ActiveCfg = Debug|Any CPU
		{B9F4E042-9782-4F1A-886A-B472562D67E9}.Debug|Any CPU.Build.0 = Debug|Any CPU
		{B9F4E042-9782-4F1A-886A-B472562D67E9}.Release|Any CPU.ActiveCfg = Release|Any CPU
		{B9F4E042-9782-4F1A-886A-B472562D67E9}.Release|Any CPU.Build.0 = Release|Any CPU
	EndGlobalSection
	GlobalSection(SolutionProperties) = preSolution
		HideSolutionNode = FALSE
	EndGlobalSection
	GlobalSection(NestedProjects) = preSolution
		{41CE4C70-D62B-4178-9D2A-C4D71000B634} = {F2D30470-D131-4EEA-96BA-DF25EDE753F7}
		{2171B6D1-782A-4946-8F3B-F6202C530848} = {41CE4C70-D62B-4178-9D2A-C4D71000B634}
		{4BEF7CAB-3ACB-4A76-AE4F-7A7345AF501F} = {F2D30470-D131-4EEA-96BA-DF25EDE753F7}
		{09A4EEA8-D605-44AE-9B1B-80CB8463B8E2} = {4BEF7CAB-3ACB-4A76-AE4F-7A7345AF501F}
		{6B358228-6AC6-4C4D-B627-05777C35FA1B} = {B7D79CCE-D166-45D4-897D-BC8385BCB60F}
		{C095AD1A-8931-4E58-9427-4FE712B4BCAF} = {6B358228-6AC6-4C4D-B627-05777C35FA1B}
		{D6356F13-0D9B-44FC-92F5-6F21A8B6B5D6} = {C095AD1A-8931-4E58-9427-4FE712B4BCAF}
		{A1BCDBF4-554B-4331-BAAB-85E96DE95FBB} = {C095AD1A-8931-4E58-9427-4FE712B4BCAF}
		{C501D2CB-F786-4A57-B978-51E054D9D78C} = {71A90566-1B0D-4592-BCE5-A0EC5EE67D97}
		{71A90566-1B0D-4592-BCE5-A0EC5EE67D97} = {6B358228-6AC6-4C4D-B627-05777C35FA1B}
		{3E5C984E-AF76-4EDB-B255-8EF9E527AE5C} = {B7D79CCE-D166-45D4-897D-BC8385BCB60F}
		{09E9F145-06A5-46FD-99E8-F7009F04C0A6} = {6B358228-6AC6-4C4D-B627-05777C35FA1B}
		{B80A10C2-74EE-49CF-B6C5-6A489C2765E4} = {3E5C984E-AF76-4EDB-B255-8EF9E527AE5C}
		{9E1DEDD6-EAE8-41B6-AED4-A6B9CE5FA4CF} = {50B6B9AB-6F6E-42C2-BFF2-8E3A4B649B11}
		{5DD5F0FE-1A02-47D8-A281-06E8E76C59B5} = {09E9F145-06A5-46FD-99E8-F7009F04C0A6}
		{6914D7ED-0C7D-4ECF-8ACE-4C53AE6C773E} = {9E1DEDD6-EAE8-41B6-AED4-A6B9CE5FA4CF}
		{27D79BB2-B40B-4B5A-9815-02E3779858D3} = {B80A10C2-74EE-49CF-B6C5-6A489C2765E4}
		{50B6B9AB-6F6E-42C2-BFF2-8E3A4B649B11} = {B7D79CCE-D166-45D4-897D-BC8385BCB60F}
		{66491902-9B4B-4C99-A10E-AF3FD842BC06} = {50B6B9AB-6F6E-42C2-BFF2-8E3A4B649B11}
		{0986E13E-8238-4FD3-9F05-2D6E3C22BA04} = {66491902-9B4B-4C99-A10E-AF3FD842BC06}
		{BE14DDD2-A343-4420-9CA9-5CAD39B0217F} = {F2D30470-D131-4EEA-96BA-DF25EDE753F7}
		{7484E419-6C80-42E7-81F0-35D390399DF3} = {B7D79CCE-D166-45D4-897D-BC8385BCB60F}
		{09153FC7-C1A6-4AA5-918C-0B8E6C362959} = {BE14DDD2-A343-4420-9CA9-5CAD39B0217F}
		{DC7FA600-8D57-4B7B-AC90-04BB397110B8} = {BE14DDD2-A343-4420-9CA9-5CAD39B0217F}
		{FCB0F436-BD67-444B-B83B-958C2B958DEC} = {7484E419-6C80-42E7-81F0-35D390399DF3}
		{AB2199B4-BCB7-4455-ABE3-97503A1C6C1C} = {902D6C93-F67C-4A7B-89C3-60B69471579C}
		{7AFE58BC-F002-43BA-BEC8-382F8C7D7C8C} = {902D6C93-F67C-4A7B-89C3-60B69471579C}
		{14943233-36C3-4DC7-AA77-09EB5B624649} = {5A586EE7-1DB9-4355-B90B-93F77F2F5097}
		{5A586EE7-1DB9-4355-B90B-93F77F2F5097} = {AB2199B4-BCB7-4455-ABE3-97503A1C6C1C}
		{E18808A0-A63C-4BE5-AA67-90F1B9DA4590} = {AB2199B4-BCB7-4455-ABE3-97503A1C6C1C}
		{004F550F-2C7D-46DA-88AF-71E77D116461} = {E18808A0-A63C-4BE5-AA67-90F1B9DA4590}
		{F55DDD96-823E-46B1-AB96-56657F9D5A4D} = {AB2199B4-BCB7-4455-ABE3-97503A1C6C1C}
		{017D0CB9-E214-4E84-A964-C5647017CB9F} = {F55DDD96-823E-46B1-AB96-56657F9D5A4D}
		{C38F20D2-7DB0-478C-8490-A30C964FA3B8} = {7AFE58BC-F002-43BA-BEC8-382F8C7D7C8C}
		{3C9B0D2C-1951-4DF4-8FF5-CC340FD61FE3} = {C38F20D2-7DB0-478C-8490-A30C964FA3B8}
		{B1FAA032-32AA-42A1-AC81-D8496D686AD5} = {F2CA0F7D-3BE2-4762-9519-CF83E7A4BFBD}
		{451AA8F8-C877-471E-9BBD-1A92C336F4C7} = {7AFE58BC-F002-43BA-BEC8-382F8C7D7C8C}
		{F2CA0F7D-3BE2-4762-9519-CF83E7A4BFBD} = {7AFE58BC-F002-43BA-BEC8-382F8C7D7C8C}
		{CDCC4751-3EB8-47A0-83BA-CD14C3FF0AC1} = {451AA8F8-C877-471E-9BBD-1A92C336F4C7}
		{86743691-1639-4F8F-A0BB-BD6C8AD1EF15} = {451AA8F8-C877-471E-9BBD-1A92C336F4C7}
		{24F41EF9-781F-4CB2-BF1E-3F073E83D55D} = {7AFE58BC-F002-43BA-BEC8-382F8C7D7C8C}
		{BE65811B-9E4B-49F7-8B97-FD851BA17358} = {24F41EF9-781F-4CB2-BF1E-3F073E83D55D}
		{2055618E-085F-4708-9387-BB28E226BCCE} = {21D27359-5D8B-4CDF-AA67-DB312AC8CA85}
		{892E4CBF-16F7-4D3A-89AB-1A6C67583E8E} = {2055618E-085F-4708-9387-BB28E226BCCE}
		{75079457-D994-4AAE-A86E-D0CEF7A34704} = {1144B9FA-A3CF-4274-AB09-A7299285B9B3}
		{650B0EC8-B639-4BFE-A194-FE678AB243C2} = {75079457-D994-4AAE-A86E-D0CEF7A34704}
		{D5ECBF56-F1A3-444F-B14B-4682C07F09F2} = {9B1F9964-7E52-4D5D-97A9-9DB9464EFA70}
		{B9F4E042-9782-4F1A-886A-B472562D67E9} = {9B1F9964-7E52-4D5D-97A9-9DB9464EFA70}
	EndGlobalSection
EndGlobal
