
Microsoft Visual Studio Solution File, Format Version 12.00
# Visual Studio 15
VisualStudioVersion = 15.0.26403.7
MinimumVisualStudioVersion = 10.0.40219.1
Project("{2150E333-8FDC-42A3-9474-1A3956D46DE8}") = "1 Exemple 001", "1 Exemple 001", "{41CE4C70-D62B-4178-9D2A-C4D71000B634}"
EndProject
Project("{2150E333-8FDC-42A3-9474-1A3956D46DE8}") = "01 Découverte", "01 Découverte", "{F2D30470-D131-4EEA-96BA-DF25EDE753F7}"
EndProject
Project("{FAE04EC0-301F-11D3-BF4B-00C04F79EFBC}") = "R2D2pret", "R2D2pret\R2D2pret.csproj", "{2171B6D1-782A-4946-8F3B-F6202C530848}"
EndProject
Project("{2150E333-8FDC-42A3-9474-1A3956D46DE8}") = "2 Exemple 003", "2 Exemple 003", "{4BEF7CAB-3ACB-4A76-AE4F-7A7345AF501F}"
EndProject
Project("{FAE04EC0-301F-11D3-BF4B-00C04F79EFBC}") = "R2D2pret2", "R2D2pret2\R2D2pret2.csproj", "{09A4EEA8-D605-44AE-9B1B-80CB8463B8E2}"
EndProject
Project("{2150E333-8FDC-42A3-9474-1A3956D46DE8}") = "02 Variables et instructions", "02 Variables et instructions", "{B7D79CCE-D166-45D4-897D-BC8385BCB60F}"
EndProject
Project("{2150E333-8FDC-42A3-9474-1A3956D46DE8}") = "1 Les variables", "1 Les variables", "{6B358228-6AC6-4C4D-B627-05777C35FA1B}"
EndProject
Project("{2150E333-8FDC-42A3-9474-1A3956D46DE8}") = "Exemple 004", "Exemple 004", "{C095AD1A-8931-4E58-9427-4FE712B4BCAF}"
EndProject
Project("{FAE04EC0-301F-11D3-BF4B-00C04F79EFBC}") = "1R2D2prendVieLesTypesPrimitifs", "R2D2prendVie  - Les types primitifs\1R2D2prendVieLesTypesPrimitifs.csproj", "{D6356F13-0D9B-44FC-92F5-6F21A8B6B5D6}"
EndProject
Project("{FAE04EC0-301F-11D3-BF4B-00C04F79EFBC}") = "2R2D2prendVie", "R2D2prendVie\2R2D2prendVie.csproj", "{A1BCDBF4-554B-4331-BAAB-85E96DE95FBB}"
EndProject
Project("{FAE04EC0-301F-11D3-BF4B-00C04F79EFBC}") = "3R2D2prendVieOperateurs", "3R2D2prendVieOperateurs\3R2D2prendVieOperateurs.csproj", "{C501D2CB-F786-4A57-B978-51E054D9D78C}"
EndProject
Project("{2150E333-8FDC-42A3-9474-1A3956D46DE8}") = "Exemple 005", "Exemple 005", "{71A90566-1B0D-4592-BCE5-A0EC5EE67D97}"
EndProject
Project("{2150E333-8FDC-42A3-9474-1A3956D46DE8}") = "2 Boucles et conditions", "2 Boucles et conditions", "{3E5C984E-AF76-4EDB-B255-8EF9E527AE5C}"
EndProject
Project("{2150E333-8FDC-42A3-9474-1A3956D46DE8}") = "Exemple 006", "Exemple 006", "{09E9F145-06A5-46FD-99E8-F7009F04C0A6}"
EndProject
Project("{2150E333-8FDC-42A3-9474-1A3956D46DE8}") = "Exemple 007", "Exemple 007", "{B80A10C2-74EE-49CF-B6C5-6A489C2765E4}"
EndProject
Project("{2150E333-8FDC-42A3-9474-1A3956D46DE8}") = "Exemple 008", "Exemple 008", "{9E1DEDD6-EAE8-41B6-AED4-A6B9CE5FA4CF}"
EndProject
Project("{FAE04EC0-301F-11D3-BF4B-00C04F79EFBC}") = "6R2D2pretString", "6R2D2pretString\6R2D2pretString.csproj", "{5DD5F0FE-1A02-47D8-A281-06E8E76C59B5}"
EndProject
Project("{FAE04EC0-301F-11D3-BF4B-00C04F79EFBC}") = "8R2D2pretTableau", "8R2D2pretTableaux\8R2D2pretTableau.csproj", "{6914D7ED-0C7D-4ECF-8ACE-4C53AE6C773E}"
EndProject
Project("{FAE04EC0-301F-11D3-BF4B-00C04F79EFBC}") = "7R2D2pretConditionEtIteration", "7R2D2pretConditionEtIteration\7R2D2pretConditionEtIteration.csproj", "{27D79BB2-B40B-4B5A-9815-02E3779858D3}"
EndProject
Project("{2150E333-8FDC-42A3-9474-1A3956D46DE8}") = "3 Tableaux et listes", "3 Tableaux et listes", "{50B6B9AB-6F6E-42C2-BFF2-8E3A4B649B11}"
EndProject
Project("{2150E333-8FDC-42A3-9474-1A3956D46DE8}") = "Exemple 009", "Exemple 009", "{66491902-9B4B-4C99-A10E-AF3FD842BC06}"
EndProject
Project("{FAE04EC0-301F-11D3-BF4B-00C04F79EFBC}") = "9R2D2pretListe", "9R2D2pretListe\9R2D2pretListe.csproj", "{0986E13E-8238-4FD3-9F05-2D6E3C22BA04}"
EndProject
Project("{2150E333-8FDC-42A3-9474-1A3956D46DE8}") = "Boss 1", "Boss 1", "{BE14DDD2-A343-4420-9CA9-5CAD39B0217F}"
EndProject
Project("{2150E333-8FDC-42A3-9474-1A3956D46DE8}") = "Boss 2", "Boss 2", "{7484E419-6C80-42E7-81F0-35D390399DF3}"
EndProject
Project("{FAE04EC0-301F-11D3-BF4B-00C04F79EFBC}") = "CsharpCodageRobot", "PremierBoss\CsharpCodageRobot.csproj", "{09153FC7-C1A6-4AA5-918C-0B8E6C362959}"
EndProject
Project("{FAE04EC0-301F-11D3-BF4B-00C04F79EFBC}") = "CsharpCodageRobotLibrary", "CsharpCodageRobotLibrary\CsharpCodageRobotLibrary.csproj", "{DC7FA600-8D57-4B7B-AC90-04BB397110B8}"
EndProject
Project("{FAE04EC0-301F-11D3-BF4B-00C04F79EFBC}") = "CsharpCodageRobot2", "CsharpCodageRobot2\CsharpCodageRobot2.csproj", "{FCB0F436-BD67-444B-B83B-958C2B958DEC}"
EndProject
Project("{2150E333-8FDC-42A3-9474-1A3956D46DE8}") = "03 Méthodes et classes", "03 Méthodes et classes", "{902D6C93-F67C-4A7B-89C3-60B69471579C}"
EndProject
Project("{2150E333-8FDC-42A3-9474-1A3956D46DE8}") = "1 Méthodes", "1 Méthodes", "{AB2199B4-BCB7-4455-ABE3-97503A1C6C1C}"
EndProject
Project("{2150E333-8FDC-42A3-9474-1A3956D46DE8}") = "2 Classes et héritage", "2 Classes et héritage", "{7AFE58BC-F002-43BA-BEC8-382F8C7D7C8C}"
EndProject
Project("{FAE04EC0-301F-11D3-BF4B-00C04F79EFBC}") = "10CsharpCodageRobotAvecMethodes", "10CsharpCodageRobotAvecMethodes\10CsharpCodageRobotAvecMethodes.csproj", "{14943233-36C3-4DC7-AA77-09EB5B624649}"
EndProject
Project("{2150E333-8FDC-42A3-9474-1A3956D46DE8}") = "1 Exemple 010", "1 Exemple 010", "{5A586EE7-1DB9-4355-B90B-93F77F2F5097}"
EndProject
Project("{2150E333-8FDC-42A3-9474-1A3956D46DE8}") = "2 Exemple 011", "2 Exemple 011", "{E18808A0-A63C-4BE5-AA67-90F1B9DA4590}"
EndProject
Project("{FAE04EC0-301F-11D3-BF4B-00C04F79EFBC}") = "11CsharpCodageRobotAvecMethodesSurcharges", "11CsharpCodageRobotAvecMethodesSurcharges\11CsharpCodageRobotAvecMethodesSurcharges.csproj", "{004F550F-2C7D-46DA-88AF-71E77D116461}"
EndProject
Project("{2150E333-8FDC-42A3-9474-1A3956D46DE8}") = "Boss 3", "Boss 3", "{F55DDD96-823E-46B1-AB96-56657F9D5A4D}"
EndProject
Project("{FAE04EC0-301F-11D3-BF4B-00C04F79EFBC}") = "CsharpCodageRobot3", "CsharpCodageRobot3\CsharpCodageRobot3.csproj", "{017D0CB9-E214-4E84-A964-C5647017CB9F}"
EndProject
Project("{2150E333-8FDC-42A3-9474-1A3956D46DE8}") = "1 Exemple 012", "1 Exemple 012", "{C38F20D2-7DB0-478C-8490-A30C964FA3B8}"
EndProject
Project("{FAE04EC0-301F-11D3-BF4B-00C04F79EFBC}") = "012DesClassesEtDesObjets", "012DesClassesEtDesObjets\012DesClassesEtDesObjets.csproj", "{3C9B0D2C-1951-4DF4-8FF5-CC340FD61FE3}"
EndProject
Project("{FAE04EC0-301F-11D3-BF4B-00C04F79EFBC}") = "013DesClassesEtDesObjetsUtilisation", "013DesClassesEtDesObjetsUtilisation\013DesClassesEtDesObjetsUtilisation.csproj", "{B1FAA032-32AA-42A1-AC81-D8496D686AD5}"
EndProject
Project("{2150E333-8FDC-42A3-9474-1A3956D46DE8}") = "3 Exemple 014", "3 Exemple 014", "{451AA8F8-C877-471E-9BBD-1A92C336F4C7}"
EndProject
Project("{2150E333-8FDC-42A3-9474-1A3956D46DE8}") = "2 Exemple 013", "2 Exemple 013", "{F2CA0F7D-3BE2-4762-9519-CF83E7A4BFBD}"
EndProject
Project("{FAE04EC0-301F-11D3-BF4B-00C04F79EFBC}") = "014DesClassesEtDesObjetsUtilisationHeritage", "014DesClassesEtDesObjetsUtilisation\014DesClassesEtDesObjetsUtilisationHeritage.csproj", "{CDCC4751-3EB8-47A0-83BA-CD14C3FF0AC1}"
EndProject
Project("{FAE04EC0-301F-11D3-BF4B-00C04F79EFBC}") = "LesRobots", "LesRobots\LesRobots.csproj", "{86743691-1639-4F8F-A0BB-BD6C8AD1EF15}"
EndProject
Project("{2150E333-8FDC-42A3-9474-1A3956D46DE8}") = "Boss 4", "Boss 4", "{24F41EF9-781F-4CB2-BF1E-3F073E83D55D}"
EndProject
Project("{FAE04EC0-301F-11D3-BF4B-00C04F79EFBC}") = "LattaqueDesClones", "LattaqueDesClones\LattaqueDesClones.csproj", "{BE65811B-9E4B-49F7-8B97-FD851BA17358}"
EndProject
Project("{2150E333-8FDC-42A3-9474-1A3956D46DE8}") = "04 Exceptions", "04 Exceptions", "{21D27359-5D8B-4CDF-AA67-DB312AC8CA85}"
EndProject
Project("{2150E333-8FDC-42A3-9474-1A3956D46DE8}") = "Exemple 015", "Exemple 015", "{2055618E-085F-4708-9387-BB28E226BCCE}"
EndProject
Project("{FAE04EC0-301F-11D3-BF4B-00C04F79EFBC}") = "15ApprendreEtComprendreExceptions", "15ApprendreEtComprendreExceptions\15ApprendreEtComprendreExceptions.csproj", "{892E4CBF-16F7-4D3A-89AB-1A6C67583E8E}"
EndProject
Project("{2150E333-8FDC-42A3-9474-1A3956D46DE8}") = "05 Fichiers", "05 Fichiers", "{1144B9FA-A3CF-4274-AB09-A7299285B9B3}"
EndProject
Project("{2150E333-8FDC-42A3-9474-1A3956D46DE8}") = "Exemple 016", "Exemple 016", "{75079457-D994-4AAE-A86E-D0CEF7A34704}"
EndProject
Project("{2150E333-8FDC-42A3-9474-1A3956D46DE8}") = "05.5 Boss final", "05.5 Boss final", "{9B1F9964-7E52-4D5D-97A9-9DB9464EFA70}"
EndProject
Project("{FAE04EC0-301F-11D3-BF4B-00C04F79EFBC}") = "LireEcrireFichiers", "LireEcrireFichiers\LireEcrireFichiers.csproj", "{650B0EC8-B639-4BFE-A194-FE678AB243C2}"
EndProject
Project("{FAE04EC0-301F-11D3-BF4B-00C04F79EFBC}") = "LattaqueDesClones2", "LattaqueDesClones2\LattaqueDesClones2.csproj", "{D5ECBF56-F1A3-444F-B14B-4682C07F09F2}"
EndProject
Project("{FAE04EC0-301F-11D3-BF4B-00C04F79EFBC}") = "LesRobots2", "LesRobots2\LesRobots2.csproj", "{B9F4E042-9782-4F1A-886A-B472562D67E9}"
EndProject
Project("{2150E333-8FDC-42A3-9474-1A3956D46DE8}") = "06 Ado.net", "06 Ado.net", "{94DDB26B-8B18-4F7C-9EEB-637B15C71501}"
EndProject
Project("{2150E333-8FDC-42A3-9474-1A3956D46DE8}") = "Exemple 018", "Exemple 018", "{6AA76B2C-5A0B-459C-ADAD-5994DEE073B2}"
EndProject
Project("{2150E333-8FDC-42A3-9474-1A3956D46DE8}") = "Exemple 019", "Exemple 019", "{9ABD091D-5087-49EB-A343-0EE79A2A9C61}"
EndProject
Project("{2150E333-8FDC-42A3-9474-1A3956D46DE8}") = "Exemple 020", "Exemple 020", "{550865B5-1645-469B-9744-1920882FC4BC}"
EndProject
Project("{2150E333-8FDC-42A3-9474-1A3956D46DE8}") = "Exemple 021", "Exemple 021", "{E5C9BA1F-BD48-4118-8802-6DCAA90B6640}"
EndProject
Project("{2150E333-8FDC-42A3-9474-1A3956D46DE8}") = "Exemple 022", "Exemple 022", "{DE1146D1-D12B-48A9-9108-479FE7C08B92}"
EndProject
Project("{2150E333-8FDC-42A3-9474-1A3956D46DE8}") = "Exemple 023", "Exemple 023", "{31EC73F7-6FA4-43A5-8F6F-ABC8EF8CAF66}"
EndProject
Project("{2150E333-8FDC-42A3-9474-1A3956D46DE8}") = "07 Evenements", "07 Evenements", "{AC5DA446-4057-485B-B9CB-CF42ED328F96}"
EndProject
Project("{2150E333-8FDC-42A3-9474-1A3956D46DE8}") = "7.1 Boss 6", "7.1 Boss 6", "{66CD7888-CFB6-49E6-9D28-8F827D7D05DB}"
EndProject
Project("{2150E333-8FDC-42A3-9474-1A3956D46DE8}") = "Exemple 024", "Exemple 024", "{422AA73B-149E-403E-ACA6-21AD5FF999D3}"
EndProject
Project("{2150E333-8FDC-42A3-9474-1A3956D46DE8}") = "Exemple 025", "Exemple 025", "{D7B12AE3-BE19-4525-B80B-DF4275DB404E}"
EndProject
Project("{2150E333-8FDC-42A3-9474-1A3956D46DE8}") = "Exemple 026", "Exemple 026", "{E4DA43C8-8740-4C9D-9863-7D0F30324BBB}"
EndProject
Project("{2150E333-8FDC-42A3-9474-1A3956D46DE8}") = "08 Ado.net (bis)", "08 Ado.net (bis)", "{F80A9222-FF74-4FB5-B13A-5A69F77CBF81}"
EndProject
Project("{2150E333-8FDC-42A3-9474-1A3956D46DE8}") = "Exemple 027", "Exemple 027", "{1069947B-D4E8-4ECA-B1B9-C3DA6DEE45EC}"
EndProject
Project("{2150E333-8FDC-42A3-9474-1A3956D46DE8}") = "Exemple 028", "Exemple 028", "{C9E9E3B8-27B0-499A-8082-5C6FBB3E4221}"
EndProject
Project("{2150E333-8FDC-42A3-9474-1A3956D46DE8}") = "Exemple 029", "Exemple 029", "{8E14033F-6587-42B3-A7FE-93EABDDDBB63}"
EndProject
Project("{2150E333-8FDC-42A3-9474-1A3956D46DE8}") = "Exemple 030", "Exemple 030", "{FA88D856-7BE7-45D0-AB8D-09EB0B397774}"
EndProject
Project("{2150E333-8FDC-42A3-9474-1A3956D46DE8}") = "Exemple 031", "Exemple 031", "{E505E126-1E15-4B81-A7D3-B00C1D17AAA9}"
EndProject
Project("{2150E333-8FDC-42A3-9474-1A3956D46DE8}") = "Exemple 032", "Exemple 032", "{808FDF18-57BA-4280-9C1B-1A08B96094BE}"
EndProject
Project("{2150E333-8FDC-42A3-9474-1A3956D46DE8}") = "Exemple 033", "Exemple 033", "{C209CBDA-CA2E-457B-B734-9C284D4671F0}"
EndProject
Project("{2150E333-8FDC-42A3-9474-1A3956D46DE8}") = "Exemple 034", "Exemple 034", "{6A4CB3F4-1105-40A1-8DB6-61D99C1CF358}"
EndProject
Project("{2150E333-8FDC-42A3-9474-1A3956D46DE8}") = "Exemple 035", "Exemple 035", "{30CF0ECA-64B8-4F1E-9FB9-3441500B4E9C}"
EndProject
Project("{2150E333-8FDC-42A3-9474-1A3956D46DE8}") = "Exemple 036", "Exemple 036", "{06DB9F68-FE8C-4D29-8F57-4DFE40BB3CB2}"
EndProject
Project("{2150E333-8FDC-42A3-9474-1A3956D46DE8}") = "Exemple 037", "Exemple 037", "{0C9258A0-4039-4568-A121-A79ABC1E5842}"
EndProject
Project("{2150E333-8FDC-42A3-9474-1A3956D46DE8}") = "09 Lambda et LINQ", "09 Lambda et LINQ", "{69425274-0EB9-47E1-A2BF-2A8C6759AEC9}"
EndProject
Project("{2150E333-8FDC-42A3-9474-1A3956D46DE8}") = "Expressions Lambda", "Expressions Lambda", "{5F707CCB-0C16-47CA-A73B-DA8C0C2F8432}"
EndProject
Project("{2150E333-8FDC-42A3-9474-1A3956D46DE8}") = "Exemple 038", "Exemple 038", "{59673575-0C27-43EF-B085-A4BF7DF6B21A}"
EndProject
Project("{2150E333-8FDC-42A3-9474-1A3956D46DE8}") = "Exemple 039", "Exemple 039", "{3998ADF2-910E-4517-8E98-28841D35AAA7}"
EndProject
Project("{2150E333-8FDC-42A3-9474-1A3956D46DE8}") = "Exemple 040", "Exemple 040", "{43857DFB-B003-4499-BC32-5F3C09D2C13D}"
EndProject
Project("{2150E333-8FDC-42A3-9474-1A3956D46DE8}") = "Exemple 041", "Exemple 041", "{42E81CB0-6F78-4A35-9940-924477A80394}"
EndProject
Project("{2150E333-8FDC-42A3-9474-1A3956D46DE8}") = "LINQ", "LINQ", "{9CBBF0E8-26FD-4CF2-A0B4-2781A0D31E8D}"
EndProject
Project("{2150E333-8FDC-42A3-9474-1A3956D46DE8}") = "Exemple 042", "Exemple 042", "{D5010C41-A23D-481E-802E-7D061BCB3FAC}"
EndProject
Project("{2150E333-8FDC-42A3-9474-1A3956D46DE8}") = "Exemple 043", "Exemple 043", "{BBB8F182-9D83-45F2-9C94-0C983105ACEC}"
EndProject
Project("{2150E333-8FDC-42A3-9474-1A3956D46DE8}") = "10 Entities", "10 Entities", "{18FB93DC-4414-4AB8-9FFC-EE40E82C66F0}"
EndProject
Project("{2150E333-8FDC-42A3-9474-1A3956D46DE8}") = "Exemple 044", "Exemple 044", "{784D32F1-69C3-44E6-BFC9-35B0BB394E55}"
EndProject
Project("{2150E333-8FDC-42A3-9474-1A3956D46DE8}") = "Exemple 045", "Exemple 045", "{E7B8C4C3-5176-4606-A7A0-B4A7ACCA320D}"
EndProject
Project("{2150E333-8FDC-42A3-9474-1A3956D46DE8}") = "Exemple 046", "Exemple 046", "{7A4FDF8A-5E59-42F2-BFCE-747D92905A93}"
EndProject
Project("{2150E333-8FDC-42A3-9474-1A3956D46DE8}") = "11 XML", "11 XML", "{01D5696F-A3DE-416E-9F4C-A3735A45D109}"
EndProject
Project("{2150E333-8FDC-42A3-9474-1A3956D46DE8}") = "Exemple 047", "Exemple 047", "{F0A4002A-A508-4409-8A57-61E5DD2A6741}"
EndProject
Project("{2150E333-8FDC-42A3-9474-1A3956D46DE8}") = "12 ASP.net", "12 ASP.net", "{E496368C-87EE-4D42-9E77-023314263A4F}"
EndProject
Project("{2150E333-8FDC-42A3-9474-1A3956D46DE8}") = "13 ASP.net MVC.net", "13 ASP.net MVC.net", "{3687859F-3EDF-48D1-84FE-5C24EA563EC0}"
EndProject
Project("{FAE04EC0-301F-11D3-BF4B-00C04F79EFBC}") = "PremiersPasAdoNet", "PremiersPasAdoNet\PremiersPasAdoNet.csproj", "{D55A4C52-0F03-44EC-BF19-E2CF01401862}"
EndProject
Project("{FAE04EC0-301F-11D3-BF4B-00C04F79EFBC}") = "LectureDonnees", "LectureDonnees\LectureDonnees.csproj", "{F72DB4D7-33AD-4094-9F4C-75BDC4565242}"
EndProject
Project("{FAE04EC0-301F-11D3-BF4B-00C04F79EFBC}") = "InsertionManuelDonnees", "InsertionManuelDonnees\InsertionManuelDonnees.csproj", "{F23E50DA-EC12-4457-871B-691B1E649F17}"
EndProject
Project("{FAE04EC0-301F-11D3-BF4B-00C04F79EFBC}") = "InsertionManuelDonnees_AvecParametres", "InsertionManuelDonnees_AvecParametres\InsertionManuelDonnees_AvecParametres.csproj", "{A7B805FF-C38A-43E2-ABC7-31D159344D4C}"
EndProject
Project("{FAE04EC0-301F-11D3-BF4B-00C04F79EFBC}") = "InsertionManuelDonnees_MySQLHelper", "InsertionManuelDonnees_MySQLHelper\InsertionManuelDonnees_MySQLHelper.csproj", "{6998F4CA-4344-431B-86FF-D3C524FD1DD7}"
EndProject
Project("{FAE04EC0-301F-11D3-BF4B-00C04F79EFBC}") = "InsertionManuelDonnees_MySQLHelper_Pooling", "InsertionManuelDonnees_MySQLHelper_Pooling\InsertionManuelDonnees_MySQLHelper_Pooling.csproj", "{15D3A5DE-71E0-4FCC-938A-307C9898D5DB}"
EndProject
Project("{FAE04EC0-301F-11D3-BF4B-00C04F79EFBC}") = "InsertionManuelDonnees_MyScripting", "InsertionManuelDonnees_MyScripting\InsertionManuelDonnees_MyScripting.csproj", "{62418059-85C5-454A-842C-A798438BC554}"
EndProject
Project("{FAE04EC0-301F-11D3-BF4B-00C04F79EFBC}") = "Boss6_Evenements", "Boss6_Evenements\Boss6_Evenements.csproj", "{C457C45B-E166-4A8B-ABEA-1CA38B65537E}"
EndProject
Project("{FAE04EC0-301F-11D3-BF4B-00C04F79EFBC}") = "Evenements_Utilisation", "Evenements_Utilisation\Evenements_Utilisation.csproj", "{19E683A6-38FA-47D3-9E27-3ECF84FEC419}"
EndProject
Project("{FAE04EC0-301F-11D3-BF4B-00C04F79EFBC}") = "Evenements_CreationConsommation", "Evenements_CreationConsommation\Evenements_CreationConsommation.csproj", "{3E319905-5A62-4CF7-B1B8-5745A13776F4}"
EndProject
Project("{FAE04EC0-301F-11D3-BF4B-00C04F79EFBC}") = "Evenements_CreationConsommation2", "Evenements_CreationConsommation2\Evenements_CreationConsommation2.csproj", "{C6CB3BBE-126A-466C-B55D-B3FA59868945}"
EndProject
Project("{FAE04EC0-301F-11D3-BF4B-00C04F79EFBC}") = "DataTableDecouverte", "DataTableDecouverte\DataTableDecouverte.csproj", "{08D827B1-74B6-4492-B7FA-39E695954FE6}"
EndProject
Project("{FAE04EC0-301F-11D3-BF4B-00C04F79EFBC}") = "DataTablePlus", "DataTablePlus\DataTablePlus.csproj", "{E8E457BE-3ED2-492F-9B98-1473A516599A}"
EndProject
Project("{FAE04EC0-301F-11D3-BF4B-00C04F79EFBC}") = "DataTablePlusSave", "DataTablePlusSave\DataTablePlusSave.csproj", "{809735DC-FEB7-414E-8D2E-3A151A6DA9CA}"
EndProject
Project("{FAE04EC0-301F-11D3-BF4B-00C04F79EFBC}") = "DataSetDecouverte", "DataSetDecouverte\DataSetDecouverte.csproj", "{1F0C79AA-63C5-4650-8111-089C9CEB70A1}"
EndProject
Project("{FAE04EC0-301F-11D3-BF4B-00C04F79EFBC}") = "DataSetSerialisation", "DataSetSerialisation\DataSetSerialisation.csproj", "{842537C4-E2DC-4182-BFD5-74F58FA14FD1}"
EndProject
Project("{FAE04EC0-301F-11D3-BF4B-00C04F79EFBC}") = "DataSetSerialisationChargement", "DataSetSerialisationChargement\DataSetSerialisationChargement.csproj", "{B5B134E1-EC21-4B6D-A4C4-9B42EE0ED88D}"
EndProject
Project("{FAE04EC0-301F-11D3-BF4B-00C04F79EFBC}") = "AppelBddDataAdapter", "AppelBddDataAdapter\AppelBddDataAdapter.csproj", "{A8BEDD2F-EB07-41BE-821C-BF5BDF70F7B9}"
EndProject
Project("{FAE04EC0-301F-11D3-BF4B-00C04F79EFBC}") = "AppelBddDataAdapterDataSet", "AppelBddDataAdapterDataSet\AppelBddDataAdapterDataSet.csproj", "{9ACCBA8A-7C5D-4FB3-BA17-96EF353F3C6B}"
EndProject
Project("{FAE04EC0-301F-11D3-BF4B-00C04F79EFBC}") = "AppelBddDataAdapterDataSet2", "AppelBddDataAdapterDataSet2\AppelBddDataAdapterDataSet2.csproj", "{F3FB7AF6-302D-4E59-AD6E-1DB567DB7543}"
EndProject
Project("{FAE04EC0-301F-11D3-BF4B-00C04F79EFBC}") = "AppelBddDataAdapterDataSetSaving", "AppelBddDataAdapterDataSetSaving\AppelBddDataAdapterDataSetSaving.csproj", "{9BC4DAD5-DABA-41C3-865B-26136033B4FE}"
EndProject
Project("{FAE04EC0-301F-11D3-BF4B-00C04F79EFBC}") = "AppelBddDataAdapterDataSetSavingWithErrors", "AppelBddDataAdapterDataSetSavingWithErrors\AppelBddDataAdapterDataSetSavingWithErrors.csproj", "{17D50726-3038-47BA-A541-E9E2C371B133}"
EndProject
Project("{FAE04EC0-301F-11D3-BF4B-00C04F79EFBC}") = "AppelBddDataAdapterCommandBuilder", "AppelBddDataAdapterCommandBuilder\AppelBddDataAdapterCommandBuilder.csproj", "{0110074A-3786-4609-9776-0A8A4D14B2FB}"
EndProject
Project("{FAE04EC0-301F-11D3-BF4B-00C04F79EFBC}") = "AppelBddTransaction", "AppelBddTransaction\AppelBddTransaction.csproj", "{265ED0FA-70F7-40DE-9293-7EE8DEFC0054}"
EndProject
Project("{FAE04EC0-301F-11D3-BF4B-00C04F79EFBC}") = "DelegueCreerAppeler", "DelegueCreerAppeler\DelegueCreerAppeler.csproj", "{13951A9F-1883-46BC-9334-37EB1B3A9A12}"
EndProject
Project("{FAE04EC0-301F-11D3-BF4B-00C04F79EFBC}") = "DelegueAvecMethode", "DelegueAvecMethode\DelegueAvecMethode.csproj", "{D02F5E04-C500-44B5-99B1-AEB0AB169847}"
EndProject
Project("{FAE04EC0-301F-11D3-BF4B-00C04F79EFBC}") = "DelegueAvecActionFunc", "DelegueAvecActionFunc\DelegueAvecActionFunc.csproj", "{D1D10545-9C47-4EAA-ADDA-88A0B5412A22}"
EndProject
Project("{FAE04EC0-301F-11D3-BF4B-00C04F79EFBC}") = "DelegueExpressionLambda", "DelegueExpressionLambda\DelegueExpressionLambda.csproj", "{A328355D-8918-4699-806B-6DA4D6A6298B}"
EndProject
Project("{FAE04EC0-301F-11D3-BF4B-00C04F79EFBC}") = "LinqEtLesCollections", "LinqEtLesCollections\LinqEtLesCollections.csproj", "{A0BD6026-6092-4A5F-82AB-57B75BFE4A26}"
EndProject
Project("{FAE04EC0-301F-11D3-BF4B-00C04F79EFBC}") = "LinqEtLesCollectionsSumAggregate", "LinqEtLesCollectionsSumAggregate\LinqEtLesCollectionsSumAggregate.csproj", "{0BEC64F2-0A68-484C-9C5E-A6ECE31640FD}"
EndProject
Project("{FAE04EC0-301F-11D3-BF4B-00C04F79EFBC}") = "EntitiesFirst", "EntitiesFirst\EntitiesFirst.csproj", "{21575231-A8CC-42E1-BC40-BB0258C06935}"
EndProject
Project("{FAE04EC0-301F-11D3-BF4B-00C04F79EFBC}") = "EntitiesCrud", "EntitiesCrud\EntitiesCrud.csproj", "{05E2FF9A-0AD2-4DC0-8BFD-A15522DB7229}"
EndProject
Project("{FAE04EC0-301F-11D3-BF4B-00C04F79EFBC}") = "EntitiesCrudLog", "EntitiesCrudLog\EntitiesCrudLog.csproj", "{2EBBB1E3-B726-4A95-A6C7-995EC9A6C621}"
EndProject
Project("{FAE04EC0-301F-11D3-BF4B-00C04F79EFBC}") = "EntitiesCrudLogPlus", "EntitiesCrudLogPlus\EntitiesCrudLogPlus.csproj", "{DF290551-3117-40D4-A846-3B32DD4188ED}"
EndProject
Project("{FAE04EC0-301F-11D3-BF4B-00C04F79EFBC}") = "EntitiesCrudLogPlusPlus", "EntitiesCrudLogPlusPlus\EntitiesCrudLogPlusPlus.csproj", "{1072BE14-CBBF-4B20-9609-83002529E536}"
EndProject
Global
	GlobalSection(SolutionConfigurationPlatforms) = preSolution
		Debug|Any CPU = Debug|Any CPU
		Release|Any CPU = Release|Any CPU
	EndGlobalSection
	GlobalSection(ProjectConfigurationPlatforms) = postSolution
		{2171B6D1-782A-4946-8F3B-F6202C530848}.Debug|Any CPU.ActiveCfg = Debug|Any CPU
		{2171B6D1-782A-4946-8F3B-F6202C530848}.Debug|Any CPU.Build.0 = Debug|Any CPU
		{2171B6D1-782A-4946-8F3B-F6202C530848}.Release|Any CPU.ActiveCfg = Release|Any CPU
		{2171B6D1-782A-4946-8F3B-F6202C530848}.Release|Any CPU.Build.0 = Release|Any CPU
		{09A4EEA8-D605-44AE-9B1B-80CB8463B8E2}.Debug|Any CPU.ActiveCfg = Debug|Any CPU
		{09A4EEA8-D605-44AE-9B1B-80CB8463B8E2}.Debug|Any CPU.Build.0 = Debug|Any CPU
		{09A4EEA8-D605-44AE-9B1B-80CB8463B8E2}.Release|Any CPU.ActiveCfg = Release|Any CPU
		{09A4EEA8-D605-44AE-9B1B-80CB8463B8E2}.Release|Any CPU.Build.0 = Release|Any CPU
		{D6356F13-0D9B-44FC-92F5-6F21A8B6B5D6}.Debug|Any CPU.ActiveCfg = Debug|Any CPU
		{D6356F13-0D9B-44FC-92F5-6F21A8B6B5D6}.Debug|Any CPU.Build.0 = Debug|Any CPU
		{D6356F13-0D9B-44FC-92F5-6F21A8B6B5D6}.Release|Any CPU.ActiveCfg = Release|Any CPU
		{D6356F13-0D9B-44FC-92F5-6F21A8B6B5D6}.Release|Any CPU.Build.0 = Release|Any CPU
		{A1BCDBF4-554B-4331-BAAB-85E96DE95FBB}.Debug|Any CPU.ActiveCfg = Debug|Any CPU
		{A1BCDBF4-554B-4331-BAAB-85E96DE95FBB}.Debug|Any CPU.Build.0 = Debug|Any CPU
		{A1BCDBF4-554B-4331-BAAB-85E96DE95FBB}.Release|Any CPU.ActiveCfg = Release|Any CPU
		{A1BCDBF4-554B-4331-BAAB-85E96DE95FBB}.Release|Any CPU.Build.0 = Release|Any CPU
		{C501D2CB-F786-4A57-B978-51E054D9D78C}.Debug|Any CPU.ActiveCfg = Debug|Any CPU
		{C501D2CB-F786-4A57-B978-51E054D9D78C}.Debug|Any CPU.Build.0 = Debug|Any CPU
		{C501D2CB-F786-4A57-B978-51E054D9D78C}.Release|Any CPU.ActiveCfg = Release|Any CPU
		{C501D2CB-F786-4A57-B978-51E054D9D78C}.Release|Any CPU.Build.0 = Release|Any CPU
		{5DD5F0FE-1A02-47D8-A281-06E8E76C59B5}.Debug|Any CPU.ActiveCfg = Debug|Any CPU
		{5DD5F0FE-1A02-47D8-A281-06E8E76C59B5}.Debug|Any CPU.Build.0 = Debug|Any CPU
		{5DD5F0FE-1A02-47D8-A281-06E8E76C59B5}.Release|Any CPU.ActiveCfg = Release|Any CPU
		{5DD5F0FE-1A02-47D8-A281-06E8E76C59B5}.Release|Any CPU.Build.0 = Release|Any CPU
		{6914D7ED-0C7D-4ECF-8ACE-4C53AE6C773E}.Debug|Any CPU.ActiveCfg = Debug|Any CPU
		{6914D7ED-0C7D-4ECF-8ACE-4C53AE6C773E}.Debug|Any CPU.Build.0 = Debug|Any CPU
		{6914D7ED-0C7D-4ECF-8ACE-4C53AE6C773E}.Release|Any CPU.ActiveCfg = Release|Any CPU
		{6914D7ED-0C7D-4ECF-8ACE-4C53AE6C773E}.Release|Any CPU.Build.0 = Release|Any CPU
		{27D79BB2-B40B-4B5A-9815-02E3779858D3}.Debug|Any CPU.ActiveCfg = Debug|Any CPU
		{27D79BB2-B40B-4B5A-9815-02E3779858D3}.Debug|Any CPU.Build.0 = Debug|Any CPU
		{27D79BB2-B40B-4B5A-9815-02E3779858D3}.Release|Any CPU.ActiveCfg = Release|Any CPU
		{27D79BB2-B40B-4B5A-9815-02E3779858D3}.Release|Any CPU.Build.0 = Release|Any CPU
		{0986E13E-8238-4FD3-9F05-2D6E3C22BA04}.Debug|Any CPU.ActiveCfg = Debug|Any CPU
		{0986E13E-8238-4FD3-9F05-2D6E3C22BA04}.Debug|Any CPU.Build.0 = Debug|Any CPU
		{0986E13E-8238-4FD3-9F05-2D6E3C22BA04}.Release|Any CPU.ActiveCfg = Release|Any CPU
		{0986E13E-8238-4FD3-9F05-2D6E3C22BA04}.Release|Any CPU.Build.0 = Release|Any CPU
		{09153FC7-C1A6-4AA5-918C-0B8E6C362959}.Debug|Any CPU.ActiveCfg = Debug|Any CPU
		{09153FC7-C1A6-4AA5-918C-0B8E6C362959}.Debug|Any CPU.Build.0 = Debug|Any CPU
		{09153FC7-C1A6-4AA5-918C-0B8E6C362959}.Release|Any CPU.ActiveCfg = Release|Any CPU
		{09153FC7-C1A6-4AA5-918C-0B8E6C362959}.Release|Any CPU.Build.0 = Release|Any CPU
		{DC7FA600-8D57-4B7B-AC90-04BB397110B8}.Debug|Any CPU.ActiveCfg = Debug|Any CPU
		{DC7FA600-8D57-4B7B-AC90-04BB397110B8}.Debug|Any CPU.Build.0 = Debug|Any CPU
		{DC7FA600-8D57-4B7B-AC90-04BB397110B8}.Release|Any CPU.ActiveCfg = Release|Any CPU
		{DC7FA600-8D57-4B7B-AC90-04BB397110B8}.Release|Any CPU.Build.0 = Release|Any CPU
		{FCB0F436-BD67-444B-B83B-958C2B958DEC}.Debug|Any CPU.ActiveCfg = Debug|Any CPU
		{FCB0F436-BD67-444B-B83B-958C2B958DEC}.Debug|Any CPU.Build.0 = Debug|Any CPU
		{FCB0F436-BD67-444B-B83B-958C2B958DEC}.Release|Any CPU.ActiveCfg = Release|Any CPU
		{FCB0F436-BD67-444B-B83B-958C2B958DEC}.Release|Any CPU.Build.0 = Release|Any CPU
		{14943233-36C3-4DC7-AA77-09EB5B624649}.Debug|Any CPU.ActiveCfg = Debug|Any CPU
		{14943233-36C3-4DC7-AA77-09EB5B624649}.Debug|Any CPU.Build.0 = Debug|Any CPU
		{14943233-36C3-4DC7-AA77-09EB5B624649}.Release|Any CPU.ActiveCfg = Release|Any CPU
		{14943233-36C3-4DC7-AA77-09EB5B624649}.Release|Any CPU.Build.0 = Release|Any CPU
		{004F550F-2C7D-46DA-88AF-71E77D116461}.Debug|Any CPU.ActiveCfg = Debug|Any CPU
		{004F550F-2C7D-46DA-88AF-71E77D116461}.Debug|Any CPU.Build.0 = Debug|Any CPU
		{004F550F-2C7D-46DA-88AF-71E77D116461}.Release|Any CPU.ActiveCfg = Release|Any CPU
		{004F550F-2C7D-46DA-88AF-71E77D116461}.Release|Any CPU.Build.0 = Release|Any CPU
		{017D0CB9-E214-4E84-A964-C5647017CB9F}.Debug|Any CPU.ActiveCfg = Debug|Any CPU
		{017D0CB9-E214-4E84-A964-C5647017CB9F}.Debug|Any CPU.Build.0 = Debug|Any CPU
		{017D0CB9-E214-4E84-A964-C5647017CB9F}.Release|Any CPU.ActiveCfg = Release|Any CPU
		{017D0CB9-E214-4E84-A964-C5647017CB9F}.Release|Any CPU.Build.0 = Release|Any CPU
		{3C9B0D2C-1951-4DF4-8FF5-CC340FD61FE3}.Debug|Any CPU.ActiveCfg = Debug|Any CPU
		{3C9B0D2C-1951-4DF4-8FF5-CC340FD61FE3}.Debug|Any CPU.Build.0 = Debug|Any CPU
		{3C9B0D2C-1951-4DF4-8FF5-CC340FD61FE3}.Release|Any CPU.ActiveCfg = Release|Any CPU
		{3C9B0D2C-1951-4DF4-8FF5-CC340FD61FE3}.Release|Any CPU.Build.0 = Release|Any CPU
		{B1FAA032-32AA-42A1-AC81-D8496D686AD5}.Debug|Any CPU.ActiveCfg = Debug|Any CPU
		{B1FAA032-32AA-42A1-AC81-D8496D686AD5}.Debug|Any CPU.Build.0 = Debug|Any CPU
		{B1FAA032-32AA-42A1-AC81-D8496D686AD5}.Release|Any CPU.ActiveCfg = Release|Any CPU
		{B1FAA032-32AA-42A1-AC81-D8496D686AD5}.Release|Any CPU.Build.0 = Release|Any CPU
		{CDCC4751-3EB8-47A0-83BA-CD14C3FF0AC1}.Debug|Any CPU.ActiveCfg = Debug|Any CPU
		{CDCC4751-3EB8-47A0-83BA-CD14C3FF0AC1}.Debug|Any CPU.Build.0 = Debug|Any CPU
		{CDCC4751-3EB8-47A0-83BA-CD14C3FF0AC1}.Release|Any CPU.ActiveCfg = Release|Any CPU
		{CDCC4751-3EB8-47A0-83BA-CD14C3FF0AC1}.Release|Any CPU.Build.0 = Release|Any CPU
		{86743691-1639-4F8F-A0BB-BD6C8AD1EF15}.Debug|Any CPU.ActiveCfg = Debug|Any CPU
		{86743691-1639-4F8F-A0BB-BD6C8AD1EF15}.Debug|Any CPU.Build.0 = Debug|Any CPU
		{86743691-1639-4F8F-A0BB-BD6C8AD1EF15}.Release|Any CPU.ActiveCfg = Release|Any CPU
		{86743691-1639-4F8F-A0BB-BD6C8AD1EF15}.Release|Any CPU.Build.0 = Release|Any CPU
		{BE65811B-9E4B-49F7-8B97-FD851BA17358}.Debug|Any CPU.ActiveCfg = Debug|Any CPU
		{BE65811B-9E4B-49F7-8B97-FD851BA17358}.Debug|Any CPU.Build.0 = Debug|Any CPU
		{BE65811B-9E4B-49F7-8B97-FD851BA17358}.Release|Any CPU.ActiveCfg = Release|Any CPU
		{BE65811B-9E4B-49F7-8B97-FD851BA17358}.Release|Any CPU.Build.0 = Release|Any CPU
		{892E4CBF-16F7-4D3A-89AB-1A6C67583E8E}.Debug|Any CPU.ActiveCfg = Debug|Any CPU
		{892E4CBF-16F7-4D3A-89AB-1A6C67583E8E}.Debug|Any CPU.Build.0 = Debug|Any CPU
		{892E4CBF-16F7-4D3A-89AB-1A6C67583E8E}.Release|Any CPU.ActiveCfg = Release|Any CPU
		{892E4CBF-16F7-4D3A-89AB-1A6C67583E8E}.Release|Any CPU.Build.0 = Release|Any CPU
		{650B0EC8-B639-4BFE-A194-FE678AB243C2}.Debug|Any CPU.ActiveCfg = Debug|Any CPU
		{650B0EC8-B639-4BFE-A194-FE678AB243C2}.Debug|Any CPU.Build.0 = Debug|Any CPU
		{650B0EC8-B639-4BFE-A194-FE678AB243C2}.Release|Any CPU.ActiveCfg = Release|Any CPU
		{650B0EC8-B639-4BFE-A194-FE678AB243C2}.Release|Any CPU.Build.0 = Release|Any CPU
		{D5ECBF56-F1A3-444F-B14B-4682C07F09F2}.Debug|Any CPU.ActiveCfg = Debug|Any CPU
		{D5ECBF56-F1A3-444F-B14B-4682C07F09F2}.Debug|Any CPU.Build.0 = Debug|Any CPU
		{D5ECBF56-F1A3-444F-B14B-4682C07F09F2}.Release|Any CPU.ActiveCfg = Release|Any CPU
		{D5ECBF56-F1A3-444F-B14B-4682C07F09F2}.Release|Any CPU.Build.0 = Release|Any CPU
		{B9F4E042-9782-4F1A-886A-B472562D67E9}.Debug|Any CPU.ActiveCfg = Debug|Any CPU
		{B9F4E042-9782-4F1A-886A-B472562D67E9}.Debug|Any CPU.Build.0 = Debug|Any CPU
		{B9F4E042-9782-4F1A-886A-B472562D67E9}.Release|Any CPU.ActiveCfg = Release|Any CPU
		{B9F4E042-9782-4F1A-886A-B472562D67E9}.Release|Any CPU.Build.0 = Release|Any CPU
		{D55A4C52-0F03-44EC-BF19-E2CF01401862}.Debug|Any CPU.ActiveCfg = Debug|Any CPU
		{D55A4C52-0F03-44EC-BF19-E2CF01401862}.Debug|Any CPU.Build.0 = Debug|Any CPU
		{D55A4C52-0F03-44EC-BF19-E2CF01401862}.Release|Any CPU.ActiveCfg = Release|Any CPU
		{D55A4C52-0F03-44EC-BF19-E2CF01401862}.Release|Any CPU.Build.0 = Release|Any CPU
		{F72DB4D7-33AD-4094-9F4C-75BDC4565242}.Debug|Any CPU.ActiveCfg = Debug|Any CPU
		{F72DB4D7-33AD-4094-9F4C-75BDC4565242}.Debug|Any CPU.Build.0 = Debug|Any CPU
		{F72DB4D7-33AD-4094-9F4C-75BDC4565242}.Release|Any CPU.ActiveCfg = Release|Any CPU
		{F72DB4D7-33AD-4094-9F4C-75BDC4565242}.Release|Any CPU.Build.0 = Release|Any CPU
		{F23E50DA-EC12-4457-871B-691B1E649F17}.Debug|Any CPU.ActiveCfg = Debug|Any CPU
		{F23E50DA-EC12-4457-871B-691B1E649F17}.Debug|Any CPU.Build.0 = Debug|Any CPU
		{F23E50DA-EC12-4457-871B-691B1E649F17}.Release|Any CPU.ActiveCfg = Release|Any CPU
		{F23E50DA-EC12-4457-871B-691B1E649F17}.Release|Any CPU.Build.0 = Release|Any CPU
		{A7B805FF-C38A-43E2-ABC7-31D159344D4C}.Debug|Any CPU.ActiveCfg = Debug|Any CPU
		{A7B805FF-C38A-43E2-ABC7-31D159344D4C}.Debug|Any CPU.Build.0 = Debug|Any CPU
		{A7B805FF-C38A-43E2-ABC7-31D159344D4C}.Release|Any CPU.ActiveCfg = Release|Any CPU
		{A7B805FF-C38A-43E2-ABC7-31D159344D4C}.Release|Any CPU.Build.0 = Release|Any CPU
		{6998F4CA-4344-431B-86FF-D3C524FD1DD7}.Debug|Any CPU.ActiveCfg = Debug|Any CPU
		{6998F4CA-4344-431B-86FF-D3C524FD1DD7}.Debug|Any CPU.Build.0 = Debug|Any CPU
		{6998F4CA-4344-431B-86FF-D3C524FD1DD7}.Release|Any CPU.ActiveCfg = Release|Any CPU
		{6998F4CA-4344-431B-86FF-D3C524FD1DD7}.Release|Any CPU.Build.0 = Release|Any CPU
		{15D3A5DE-71E0-4FCC-938A-307C9898D5DB}.Debug|Any CPU.ActiveCfg = Debug|Any CPU
		{15D3A5DE-71E0-4FCC-938A-307C9898D5DB}.Debug|Any CPU.Build.0 = Debug|Any CPU
		{15D3A5DE-71E0-4FCC-938A-307C9898D5DB}.Release|Any CPU.ActiveCfg = Release|Any CPU
		{15D3A5DE-71E0-4FCC-938A-307C9898D5DB}.Release|Any CPU.Build.0 = Release|Any CPU
		{62418059-85C5-454A-842C-A798438BC554}.Debug|Any CPU.ActiveCfg = Debug|Any CPU
		{62418059-85C5-454A-842C-A798438BC554}.Debug|Any CPU.Build.0 = Debug|Any CPU
		{62418059-85C5-454A-842C-A798438BC554}.Release|Any CPU.ActiveCfg = Release|Any CPU
		{62418059-85C5-454A-842C-A798438BC554}.Release|Any CPU.Build.0 = Release|Any CPU
		{C457C45B-E166-4A8B-ABEA-1CA38B65537E}.Debug|Any CPU.ActiveCfg = Debug|Any CPU
		{C457C45B-E166-4A8B-ABEA-1CA38B65537E}.Debug|Any CPU.Build.0 = Debug|Any CPU
		{C457C45B-E166-4A8B-ABEA-1CA38B65537E}.Release|Any CPU.ActiveCfg = Release|Any CPU
		{C457C45B-E166-4A8B-ABEA-1CA38B65537E}.Release|Any CPU.Build.0 = Release|Any CPU
		{19E683A6-38FA-47D3-9E27-3ECF84FEC419}.Debug|Any CPU.ActiveCfg = Debug|Any CPU
		{19E683A6-38FA-47D3-9E27-3ECF84FEC419}.Debug|Any CPU.Build.0 = Debug|Any CPU
		{19E683A6-38FA-47D3-9E27-3ECF84FEC419}.Release|Any CPU.ActiveCfg = Release|Any CPU
		{19E683A6-38FA-47D3-9E27-3ECF84FEC419}.Release|Any CPU.Build.0 = Release|Any CPU
		{3E319905-5A62-4CF7-B1B8-5745A13776F4}.Debug|Any CPU.ActiveCfg = Debug|Any CPU
		{3E319905-5A62-4CF7-B1B8-5745A13776F4}.Debug|Any CPU.Build.0 = Debug|Any CPU
		{3E319905-5A62-4CF7-B1B8-5745A13776F4}.Release|Any CPU.ActiveCfg = Release|Any CPU
		{3E319905-5A62-4CF7-B1B8-5745A13776F4}.Release|Any CPU.Build.0 = Release|Any CPU
		{C6CB3BBE-126A-466C-B55D-B3FA59868945}.Debug|Any CPU.ActiveCfg = Debug|Any CPU
		{C6CB3BBE-126A-466C-B55D-B3FA59868945}.Debug|Any CPU.Build.0 = Debug|Any CPU
		{C6CB3BBE-126A-466C-B55D-B3FA59868945}.Release|Any CPU.ActiveCfg = Release|Any CPU
		{C6CB3BBE-126A-466C-B55D-B3FA59868945}.Release|Any CPU.Build.0 = Release|Any CPU
		{08D827B1-74B6-4492-B7FA-39E695954FE6}.Debug|Any CPU.ActiveCfg = Debug|Any CPU
		{08D827B1-74B6-4492-B7FA-39E695954FE6}.Debug|Any CPU.Build.0 = Debug|Any CPU
		{08D827B1-74B6-4492-B7FA-39E695954FE6}.Release|Any CPU.ActiveCfg = Release|Any CPU
		{08D827B1-74B6-4492-B7FA-39E695954FE6}.Release|Any CPU.Build.0 = Release|Any CPU
		{E8E457BE-3ED2-492F-9B98-1473A516599A}.Debug|Any CPU.ActiveCfg = Debug|Any CPU
		{E8E457BE-3ED2-492F-9B98-1473A516599A}.Debug|Any CPU.Build.0 = Debug|Any CPU
		{E8E457BE-3ED2-492F-9B98-1473A516599A}.Release|Any CPU.ActiveCfg = Release|Any CPU
		{E8E457BE-3ED2-492F-9B98-1473A516599A}.Release|Any CPU.Build.0 = Release|Any CPU
		{809735DC-FEB7-414E-8D2E-3A151A6DA9CA}.Debug|Any CPU.ActiveCfg = Debug|Any CPU
		{809735DC-FEB7-414E-8D2E-3A151A6DA9CA}.Debug|Any CPU.Build.0 = Debug|Any CPU
		{809735DC-FEB7-414E-8D2E-3A151A6DA9CA}.Release|Any CPU.ActiveCfg = Release|Any CPU
		{809735DC-FEB7-414E-8D2E-3A151A6DA9CA}.Release|Any CPU.Build.0 = Release|Any CPU
		{1F0C79AA-63C5-4650-8111-089C9CEB70A1}.Debug|Any CPU.ActiveCfg = Debug|Any CPU
		{1F0C79AA-63C5-4650-8111-089C9CEB70A1}.Debug|Any CPU.Build.0 = Debug|Any CPU
		{1F0C79AA-63C5-4650-8111-089C9CEB70A1}.Release|Any CPU.ActiveCfg = Release|Any CPU
		{1F0C79AA-63C5-4650-8111-089C9CEB70A1}.Release|Any CPU.Build.0 = Release|Any CPU
		{842537C4-E2DC-4182-BFD5-74F58FA14FD1}.Debug|Any CPU.ActiveCfg = Debug|Any CPU
		{842537C4-E2DC-4182-BFD5-74F58FA14FD1}.Debug|Any CPU.Build.0 = Debug|Any CPU
		{842537C4-E2DC-4182-BFD5-74F58FA14FD1}.Release|Any CPU.ActiveCfg = Release|Any CPU
		{842537C4-E2DC-4182-BFD5-74F58FA14FD1}.Release|Any CPU.Build.0 = Release|Any CPU
		{B5B134E1-EC21-4B6D-A4C4-9B42EE0ED88D}.Debug|Any CPU.ActiveCfg = Debug|Any CPU
		{B5B134E1-EC21-4B6D-A4C4-9B42EE0ED88D}.Debug|Any CPU.Build.0 = Debug|Any CPU
		{B5B134E1-EC21-4B6D-A4C4-9B42EE0ED88D}.Release|Any CPU.ActiveCfg = Release|Any CPU
		{B5B134E1-EC21-4B6D-A4C4-9B42EE0ED88D}.Release|Any CPU.Build.0 = Release|Any CPU
		{A8BEDD2F-EB07-41BE-821C-BF5BDF70F7B9}.Debug|Any CPU.ActiveCfg = Debug|Any CPU
		{A8BEDD2F-EB07-41BE-821C-BF5BDF70F7B9}.Debug|Any CPU.Build.0 = Debug|Any CPU
		{A8BEDD2F-EB07-41BE-821C-BF5BDF70F7B9}.Release|Any CPU.ActiveCfg = Release|Any CPU
		{A8BEDD2F-EB07-41BE-821C-BF5BDF70F7B9}.Release|Any CPU.Build.0 = Release|Any CPU
		{9ACCBA8A-7C5D-4FB3-BA17-96EF353F3C6B}.Debug|Any CPU.ActiveCfg = Debug|Any CPU
		{9ACCBA8A-7C5D-4FB3-BA17-96EF353F3C6B}.Debug|Any CPU.Build.0 = Debug|Any CPU
		{9ACCBA8A-7C5D-4FB3-BA17-96EF353F3C6B}.Release|Any CPU.ActiveCfg = Release|Any CPU
		{9ACCBA8A-7C5D-4FB3-BA17-96EF353F3C6B}.Release|Any CPU.Build.0 = Release|Any CPU
		{F3FB7AF6-302D-4E59-AD6E-1DB567DB7543}.Debug|Any CPU.ActiveCfg = Debug|Any CPU
		{F3FB7AF6-302D-4E59-AD6E-1DB567DB7543}.Debug|Any CPU.Build.0 = Debug|Any CPU
		{F3FB7AF6-302D-4E59-AD6E-1DB567DB7543}.Release|Any CPU.ActiveCfg = Release|Any CPU
		{F3FB7AF6-302D-4E59-AD6E-1DB567DB7543}.Release|Any CPU.Build.0 = Release|Any CPU
		{9BC4DAD5-DABA-41C3-865B-26136033B4FE}.Debug|Any CPU.ActiveCfg = Debug|Any CPU
		{9BC4DAD5-DABA-41C3-865B-26136033B4FE}.Debug|Any CPU.Build.0 = Debug|Any CPU
		{9BC4DAD5-DABA-41C3-865B-26136033B4FE}.Release|Any CPU.ActiveCfg = Release|Any CPU
		{9BC4DAD5-DABA-41C3-865B-26136033B4FE}.Release|Any CPU.Build.0 = Release|Any CPU
		{17D50726-3038-47BA-A541-E9E2C371B133}.Debug|Any CPU.ActiveCfg = Debug|Any CPU
		{17D50726-3038-47BA-A541-E9E2C371B133}.Debug|Any CPU.Build.0 = Debug|Any CPU
		{17D50726-3038-47BA-A541-E9E2C371B133}.Release|Any CPU.ActiveCfg = Release|Any CPU
		{17D50726-3038-47BA-A541-E9E2C371B133}.Release|Any CPU.Build.0 = Release|Any CPU
		{0110074A-3786-4609-9776-0A8A4D14B2FB}.Debug|Any CPU.ActiveCfg = Debug|Any CPU
		{0110074A-3786-4609-9776-0A8A4D14B2FB}.Debug|Any CPU.Build.0 = Debug|Any CPU
		{0110074A-3786-4609-9776-0A8A4D14B2FB}.Release|Any CPU.ActiveCfg = Release|Any CPU
		{0110074A-3786-4609-9776-0A8A4D14B2FB}.Release|Any CPU.Build.0 = Release|Any CPU
		{265ED0FA-70F7-40DE-9293-7EE8DEFC0054}.Debug|Any CPU.ActiveCfg = Debug|Any CPU
		{265ED0FA-70F7-40DE-9293-7EE8DEFC0054}.Debug|Any CPU.Build.0 = Debug|Any CPU
		{265ED0FA-70F7-40DE-9293-7EE8DEFC0054}.Release|Any CPU.ActiveCfg = Release|Any CPU
		{265ED0FA-70F7-40DE-9293-7EE8DEFC0054}.Release|Any CPU.Build.0 = Release|Any CPU
		{13951A9F-1883-46BC-9334-37EB1B3A9A12}.Debug|Any CPU.ActiveCfg = Debug|Any CPU
		{13951A9F-1883-46BC-9334-37EB1B3A9A12}.Debug|Any CPU.Build.0 = Debug|Any CPU
		{13951A9F-1883-46BC-9334-37EB1B3A9A12}.Release|Any CPU.ActiveCfg = Release|Any CPU
		{13951A9F-1883-46BC-9334-37EB1B3A9A12}.Release|Any CPU.Build.0 = Release|Any CPU
		{D02F5E04-C500-44B5-99B1-AEB0AB169847}.Debug|Any CPU.ActiveCfg = Debug|Any CPU
		{D02F5E04-C500-44B5-99B1-AEB0AB169847}.Debug|Any CPU.Build.0 = Debug|Any CPU
		{D02F5E04-C500-44B5-99B1-AEB0AB169847}.Release|Any CPU.ActiveCfg = Release|Any CPU
		{D02F5E04-C500-44B5-99B1-AEB0AB169847}.Release|Any CPU.Build.0 = Release|Any CPU
		{D1D10545-9C47-4EAA-ADDA-88A0B5412A22}.Debug|Any CPU.ActiveCfg = Debug|Any CPU
		{D1D10545-9C47-4EAA-ADDA-88A0B5412A22}.Debug|Any CPU.Build.0 = Debug|Any CPU
		{D1D10545-9C47-4EAA-ADDA-88A0B5412A22}.Release|Any CPU.ActiveCfg = Release|Any CPU
		{D1D10545-9C47-4EAA-ADDA-88A0B5412A22}.Release|Any CPU.Build.0 = Release|Any CPU
		{A328355D-8918-4699-806B-6DA4D6A6298B}.Debug|Any CPU.ActiveCfg = Debug|Any CPU
		{A328355D-8918-4699-806B-6DA4D6A6298B}.Debug|Any CPU.Build.0 = Debug|Any CPU
		{A328355D-8918-4699-806B-6DA4D6A6298B}.Release|Any CPU.ActiveCfg = Release|Any CPU
		{A328355D-8918-4699-806B-6DA4D6A6298B}.Release|Any CPU.Build.0 = Release|Any CPU
		{A0BD6026-6092-4A5F-82AB-57B75BFE4A26}.Debug|Any CPU.ActiveCfg = Debug|Any CPU
		{A0BD6026-6092-4A5F-82AB-57B75BFE4A26}.Debug|Any CPU.Build.0 = Debug|Any CPU
		{A0BD6026-6092-4A5F-82AB-57B75BFE4A26}.Release|Any CPU.ActiveCfg = Release|Any CPU
		{A0BD6026-6092-4A5F-82AB-57B75BFE4A26}.Release|Any CPU.Build.0 = Release|Any CPU
		{0BEC64F2-0A68-484C-9C5E-A6ECE31640FD}.Debug|Any CPU.ActiveCfg = Debug|Any CPU
		{0BEC64F2-0A68-484C-9C5E-A6ECE31640FD}.Debug|Any CPU.Build.0 = Debug|Any CPU
		{0BEC64F2-0A68-484C-9C5E-A6ECE31640FD}.Release|Any CPU.ActiveCfg = Release|Any CPU
		{0BEC64F2-0A68-484C-9C5E-A6ECE31640FD}.Release|Any CPU.Build.0 = Release|Any CPU
		{21575231-A8CC-42E1-BC40-BB0258C06935}.Debug|Any CPU.ActiveCfg = Debug|Any CPU
		{21575231-A8CC-42E1-BC40-BB0258C06935}.Debug|Any CPU.Build.0 = Debug|Any CPU
		{21575231-A8CC-42E1-BC40-BB0258C06935}.Release|Any CPU.ActiveCfg = Release|Any CPU
		{21575231-A8CC-42E1-BC40-BB0258C06935}.Release|Any CPU.Build.0 = Release|Any CPU
		{05E2FF9A-0AD2-4DC0-8BFD-A15522DB7229}.Debug|Any CPU.ActiveCfg = Debug|Any CPU
		{05E2FF9A-0AD2-4DC0-8BFD-A15522DB7229}.Debug|Any CPU.Build.0 = Debug|Any CPU
		{05E2FF9A-0AD2-4DC0-8BFD-A15522DB7229}.Release|Any CPU.ActiveCfg = Release|Any CPU
		{05E2FF9A-0AD2-4DC0-8BFD-A15522DB7229}.Release|Any CPU.Build.0 = Release|Any CPU
		{2EBBB1E3-B726-4A95-A6C7-995EC9A6C621}.Debug|Any CPU.ActiveCfg = Debug|Any CPU
		{2EBBB1E3-B726-4A95-A6C7-995EC9A6C621}.Debug|Any CPU.Build.0 = Debug|Any CPU
		{2EBBB1E3-B726-4A95-A6C7-995EC9A6C621}.Release|Any CPU.ActiveCfg = Release|Any CPU
		{2EBBB1E3-B726-4A95-A6C7-995EC9A6C621}.Release|Any CPU.Build.0 = Release|Any CPU
		{DF290551-3117-40D4-A846-3B32DD4188ED}.Debug|Any CPU.ActiveCfg = Debug|Any CPU
		{DF290551-3117-40D4-A846-3B32DD4188ED}.Debug|Any CPU.Build.0 = Debug|Any CPU
		{DF290551-3117-40D4-A846-3B32DD4188ED}.Release|Any CPU.ActiveCfg = Release|Any CPU
		{DF290551-3117-40D4-A846-3B32DD4188ED}.Release|Any CPU.Build.0 = Release|Any CPU
		{1072BE14-CBBF-4B20-9609-83002529E536}.Debug|Any CPU.ActiveCfg = Debug|Any CPU
		{1072BE14-CBBF-4B20-9609-83002529E536}.Debug|Any CPU.Build.0 = Debug|Any CPU
		{1072BE14-CBBF-4B20-9609-83002529E536}.Release|Any CPU.ActiveCfg = Release|Any CPU
		{1072BE14-CBBF-4B20-9609-83002529E536}.Release|Any CPU.Build.0 = Release|Any CPU
	EndGlobalSection
	GlobalSection(SolutionProperties) = preSolution
		HideSolutionNode = FALSE
	EndGlobalSection
	GlobalSection(NestedProjects) = preSolution
		{41CE4C70-D62B-4178-9D2A-C4D71000B634} = {F2D30470-D131-4EEA-96BA-DF25EDE753F7}
		{2171B6D1-782A-4946-8F3B-F6202C530848} = {41CE4C70-D62B-4178-9D2A-C4D71000B634}
		{4BEF7CAB-3ACB-4A76-AE4F-7A7345AF501F} = {F2D30470-D131-4EEA-96BA-DF25EDE753F7}
		{09A4EEA8-D605-44AE-9B1B-80CB8463B8E2} = {4BEF7CAB-3ACB-4A76-AE4F-7A7345AF501F}
		{6B358228-6AC6-4C4D-B627-05777C35FA1B} = {B7D79CCE-D166-45D4-897D-BC8385BCB60F}
		{C095AD1A-8931-4E58-9427-4FE712B4BCAF} = {6B358228-6AC6-4C4D-B627-05777C35FA1B}
		{D6356F13-0D9B-44FC-92F5-6F21A8B6B5D6} = {C095AD1A-8931-4E58-9427-4FE712B4BCAF}
		{A1BCDBF4-554B-4331-BAAB-85E96DE95FBB} = {C095AD1A-8931-4E58-9427-4FE712B4BCAF}
		{C501D2CB-F786-4A57-B978-51E054D9D78C} = {71A90566-1B0D-4592-BCE5-A0EC5EE67D97}
		{71A90566-1B0D-4592-BCE5-A0EC5EE67D97} = {6B358228-6AC6-4C4D-B627-05777C35FA1B}
		{3E5C984E-AF76-4EDB-B255-8EF9E527AE5C} = {B7D79CCE-D166-45D4-897D-BC8385BCB60F}
		{09E9F145-06A5-46FD-99E8-F7009F04C0A6} = {6B358228-6AC6-4C4D-B627-05777C35FA1B}
		{B80A10C2-74EE-49CF-B6C5-6A489C2765E4} = {3E5C984E-AF76-4EDB-B255-8EF9E527AE5C}
		{9E1DEDD6-EAE8-41B6-AED4-A6B9CE5FA4CF} = {50B6B9AB-6F6E-42C2-BFF2-8E3A4B649B11}
		{5DD5F0FE-1A02-47D8-A281-06E8E76C59B5} = {09E9F145-06A5-46FD-99E8-F7009F04C0A6}
		{6914D7ED-0C7D-4ECF-8ACE-4C53AE6C773E} = {9E1DEDD6-EAE8-41B6-AED4-A6B9CE5FA4CF}
		{27D79BB2-B40B-4B5A-9815-02E3779858D3} = {B80A10C2-74EE-49CF-B6C5-6A489C2765E4}
		{50B6B9AB-6F6E-42C2-BFF2-8E3A4B649B11} = {B7D79CCE-D166-45D4-897D-BC8385BCB60F}
		{66491902-9B4B-4C99-A10E-AF3FD842BC06} = {50B6B9AB-6F6E-42C2-BFF2-8E3A4B649B11}
		{0986E13E-8238-4FD3-9F05-2D6E3C22BA04} = {66491902-9B4B-4C99-A10E-AF3FD842BC06}
		{BE14DDD2-A343-4420-9CA9-5CAD39B0217F} = {F2D30470-D131-4EEA-96BA-DF25EDE753F7}
		{7484E419-6C80-42E7-81F0-35D390399DF3} = {B7D79CCE-D166-45D4-897D-BC8385BCB60F}
		{09153FC7-C1A6-4AA5-918C-0B8E6C362959} = {BE14DDD2-A343-4420-9CA9-5CAD39B0217F}
		{DC7FA600-8D57-4B7B-AC90-04BB397110B8} = {BE14DDD2-A343-4420-9CA9-5CAD39B0217F}
		{FCB0F436-BD67-444B-B83B-958C2B958DEC} = {7484E419-6C80-42E7-81F0-35D390399DF3}
		{AB2199B4-BCB7-4455-ABE3-97503A1C6C1C} = {902D6C93-F67C-4A7B-89C3-60B69471579C}
		{7AFE58BC-F002-43BA-BEC8-382F8C7D7C8C} = {902D6C93-F67C-4A7B-89C3-60B69471579C}
		{14943233-36C3-4DC7-AA77-09EB5B624649} = {5A586EE7-1DB9-4355-B90B-93F77F2F5097}
		{5A586EE7-1DB9-4355-B90B-93F77F2F5097} = {AB2199B4-BCB7-4455-ABE3-97503A1C6C1C}
		{E18808A0-A63C-4BE5-AA67-90F1B9DA4590} = {AB2199B4-BCB7-4455-ABE3-97503A1C6C1C}
		{004F550F-2C7D-46DA-88AF-71E77D116461} = {E18808A0-A63C-4BE5-AA67-90F1B9DA4590}
		{F55DDD96-823E-46B1-AB96-56657F9D5A4D} = {AB2199B4-BCB7-4455-ABE3-97503A1C6C1C}
		{017D0CB9-E214-4E84-A964-C5647017CB9F} = {F55DDD96-823E-46B1-AB96-56657F9D5A4D}
		{C38F20D2-7DB0-478C-8490-A30C964FA3B8} = {7AFE58BC-F002-43BA-BEC8-382F8C7D7C8C}
		{3C9B0D2C-1951-4DF4-8FF5-CC340FD61FE3} = {C38F20D2-7DB0-478C-8490-A30C964FA3B8}
		{B1FAA032-32AA-42A1-AC81-D8496D686AD5} = {F2CA0F7D-3BE2-4762-9519-CF83E7A4BFBD}
		{451AA8F8-C877-471E-9BBD-1A92C336F4C7} = {7AFE58BC-F002-43BA-BEC8-382F8C7D7C8C}
		{F2CA0F7D-3BE2-4762-9519-CF83E7A4BFBD} = {7AFE58BC-F002-43BA-BEC8-382F8C7D7C8C}
		{CDCC4751-3EB8-47A0-83BA-CD14C3FF0AC1} = {451AA8F8-C877-471E-9BBD-1A92C336F4C7}
		{86743691-1639-4F8F-A0BB-BD6C8AD1EF15} = {451AA8F8-C877-471E-9BBD-1A92C336F4C7}
		{24F41EF9-781F-4CB2-BF1E-3F073E83D55D} = {7AFE58BC-F002-43BA-BEC8-382F8C7D7C8C}
		{BE65811B-9E4B-49F7-8B97-FD851BA17358} = {24F41EF9-781F-4CB2-BF1E-3F073E83D55D}
		{2055618E-085F-4708-9387-BB28E226BCCE} = {21D27359-5D8B-4CDF-AA67-DB312AC8CA85}
		{892E4CBF-16F7-4D3A-89AB-1A6C67583E8E} = {2055618E-085F-4708-9387-BB28E226BCCE}
		{75079457-D994-4AAE-A86E-D0CEF7A34704} = {1144B9FA-A3CF-4274-AB09-A7299285B9B3}
		{650B0EC8-B639-4BFE-A194-FE678AB243C2} = {75079457-D994-4AAE-A86E-D0CEF7A34704}
		{D5ECBF56-F1A3-444F-B14B-4682C07F09F2} = {9B1F9964-7E52-4D5D-97A9-9DB9464EFA70}
		{B9F4E042-9782-4F1A-886A-B472562D67E9} = {9B1F9964-7E52-4D5D-97A9-9DB9464EFA70}
		{6AA76B2C-5A0B-459C-ADAD-5994DEE073B2} = {94DDB26B-8B18-4F7C-9EEB-637B15C71501}
		{9ABD091D-5087-49EB-A343-0EE79A2A9C61} = {94DDB26B-8B18-4F7C-9EEB-637B15C71501}
		{550865B5-1645-469B-9744-1920882FC4BC} = {94DDB26B-8B18-4F7C-9EEB-637B15C71501}
		{E5C9BA1F-BD48-4118-8802-6DCAA90B6640} = {94DDB26B-8B18-4F7C-9EEB-637B15C71501}
		{DE1146D1-D12B-48A9-9108-479FE7C08B92} = {94DDB26B-8B18-4F7C-9EEB-637B15C71501}
		{31EC73F7-6FA4-43A5-8F6F-ABC8EF8CAF66} = {94DDB26B-8B18-4F7C-9EEB-637B15C71501}
		{66CD7888-CFB6-49E6-9D28-8F827D7D05DB} = {AC5DA446-4057-485B-B9CB-CF42ED328F96}
		{422AA73B-149E-403E-ACA6-21AD5FF999D3} = {AC5DA446-4057-485B-B9CB-CF42ED328F96}
		{D7B12AE3-BE19-4525-B80B-DF4275DB404E} = {AC5DA446-4057-485B-B9CB-CF42ED328F96}
		{E4DA43C8-8740-4C9D-9863-7D0F30324BBB} = {AC5DA446-4057-485B-B9CB-CF42ED328F96}
		{1069947B-D4E8-4ECA-B1B9-C3DA6DEE45EC} = {F80A9222-FF74-4FB5-B13A-5A69F77CBF81}
		{C9E9E3B8-27B0-499A-8082-5C6FBB3E4221} = {F80A9222-FF74-4FB5-B13A-5A69F77CBF81}
		{8E14033F-6587-42B3-A7FE-93EABDDDBB63} = {F80A9222-FF74-4FB5-B13A-5A69F77CBF81}
		{FA88D856-7BE7-45D0-AB8D-09EB0B397774} = {F80A9222-FF74-4FB5-B13A-5A69F77CBF81}
		{E505E126-1E15-4B81-A7D3-B00C1D17AAA9} = {F80A9222-FF74-4FB5-B13A-5A69F77CBF81}
		{808FDF18-57BA-4280-9C1B-1A08B96094BE} = {F80A9222-FF74-4FB5-B13A-5A69F77CBF81}
		{C209CBDA-CA2E-457B-B734-9C284D4671F0} = {F80A9222-FF74-4FB5-B13A-5A69F77CBF81}
		{6A4CB3F4-1105-40A1-8DB6-61D99C1CF358} = {F80A9222-FF74-4FB5-B13A-5A69F77CBF81}
		{30CF0ECA-64B8-4F1E-9FB9-3441500B4E9C} = {F80A9222-FF74-4FB5-B13A-5A69F77CBF81}
		{06DB9F68-FE8C-4D29-8F57-4DFE40BB3CB2} = {F80A9222-FF74-4FB5-B13A-5A69F77CBF81}
		{0C9258A0-4039-4568-A121-A79ABC1E5842} = {F80A9222-FF74-4FB5-B13A-5A69F77CBF81}
		{5F707CCB-0C16-47CA-A73B-DA8C0C2F8432} = {69425274-0EB9-47E1-A2BF-2A8C6759AEC9}
		{59673575-0C27-43EF-B085-A4BF7DF6B21A} = {5F707CCB-0C16-47CA-A73B-DA8C0C2F8432}
		{3998ADF2-910E-4517-8E98-28841D35AAA7} = {5F707CCB-0C16-47CA-A73B-DA8C0C2F8432}
		{43857DFB-B003-4499-BC32-5F3C09D2C13D} = {5F707CCB-0C16-47CA-A73B-DA8C0C2F8432}
		{42E81CB0-6F78-4A35-9940-924477A80394} = {5F707CCB-0C16-47CA-A73B-DA8C0C2F8432}
		{9CBBF0E8-26FD-4CF2-A0B4-2781A0D31E8D} = {69425274-0EB9-47E1-A2BF-2A8C6759AEC9}
		{D5010C41-A23D-481E-802E-7D061BCB3FAC} = {9CBBF0E8-26FD-4CF2-A0B4-2781A0D31E8D}
		{BBB8F182-9D83-45F2-9C94-0C983105ACEC} = {9CBBF0E8-26FD-4CF2-A0B4-2781A0D31E8D}
		{784D32F1-69C3-44E6-BFC9-35B0BB394E55} = {18FB93DC-4414-4AB8-9FFC-EE40E82C66F0}
		{E7B8C4C3-5176-4606-A7A0-B4A7ACCA320D} = {18FB93DC-4414-4AB8-9FFC-EE40E82C66F0}
		{7A4FDF8A-5E59-42F2-BFCE-747D92905A93} = {18FB93DC-4414-4AB8-9FFC-EE40E82C66F0}
		{F0A4002A-A508-4409-8A57-61E5DD2A6741} = {01D5696F-A3DE-416E-9F4C-A3735A45D109}
		{D55A4C52-0F03-44EC-BF19-E2CF01401862} = {6AA76B2C-5A0B-459C-ADAD-5994DEE073B2}
		{F72DB4D7-33AD-4094-9F4C-75BDC4565242} = {9ABD091D-5087-49EB-A343-0EE79A2A9C61}
		{F23E50DA-EC12-4457-871B-691B1E649F17} = {550865B5-1645-469B-9744-1920882FC4BC}
		{A7B805FF-C38A-43E2-ABC7-31D159344D4C} = {550865B5-1645-469B-9744-1920882FC4BC}
		{6998F4CA-4344-431B-86FF-D3C524FD1DD7} = {E5C9BA1F-BD48-4118-8802-6DCAA90B6640}
		{15D3A5DE-71E0-4FCC-938A-307C9898D5DB} = {DE1146D1-D12B-48A9-9108-479FE7C08B92}
		{62418059-85C5-454A-842C-A798438BC554} = {31EC73F7-6FA4-43A5-8F6F-ABC8EF8CAF66}
		{C457C45B-E166-4A8B-ABEA-1CA38B65537E} = {66CD7888-CFB6-49E6-9D28-8F827D7D05DB}
		{19E683A6-38FA-47D3-9E27-3ECF84FEC419} = {422AA73B-149E-403E-ACA6-21AD5FF999D3}
		{3E319905-5A62-4CF7-B1B8-5745A13776F4} = {D7B12AE3-BE19-4525-B80B-DF4275DB404E}
		{C6CB3BBE-126A-466C-B55D-B3FA59868945} = {E4DA43C8-8740-4C9D-9863-7D0F30324BBB}
		{08D827B1-74B6-4492-B7FA-39E695954FE6} = {1069947B-D4E8-4ECA-B1B9-C3DA6DEE45EC}
		{E8E457BE-3ED2-492F-9B98-1473A516599A} = {C9E9E3B8-27B0-499A-8082-5C6FBB3E4221}
		{809735DC-FEB7-414E-8D2E-3A151A6DA9CA} = {8E14033F-6587-42B3-A7FE-93EABDDDBB63}
		{1F0C79AA-63C5-4650-8111-089C9CEB70A1} = {FA88D856-7BE7-45D0-AB8D-09EB0B397774}
		{842537C4-E2DC-4182-BFD5-74F58FA14FD1} = {E505E126-1E15-4B81-A7D3-B00C1D17AAA9}
		{B5B134E1-EC21-4B6D-A4C4-9B42EE0ED88D} = {808FDF18-57BA-4280-9C1B-1A08B96094BE}
		{A8BEDD2F-EB07-41BE-821C-BF5BDF70F7B9} = {C209CBDA-CA2E-457B-B734-9C284D4671F0}
		{9ACCBA8A-7C5D-4FB3-BA17-96EF353F3C6B} = {6A4CB3F4-1105-40A1-8DB6-61D99C1CF358}
		{F3FB7AF6-302D-4E59-AD6E-1DB567DB7543} = {6A4CB3F4-1105-40A1-8DB6-61D99C1CF358}
		{9BC4DAD5-DABA-41C3-865B-26136033B4FE} = {30CF0ECA-64B8-4F1E-9FB9-3441500B4E9C}
		{17D50726-3038-47BA-A541-E9E2C371B133} = {30CF0ECA-64B8-4F1E-9FB9-3441500B4E9C}
		{0110074A-3786-4609-9776-0A8A4D14B2FB} = {06DB9F68-FE8C-4D29-8F57-4DFE40BB3CB2}
		{265ED0FA-70F7-40DE-9293-7EE8DEFC0054} = {0C9258A0-4039-4568-A121-A79ABC1E5842}
		{13951A9F-1883-46BC-9334-37EB1B3A9A12} = {59673575-0C27-43EF-B085-A4BF7DF6B21A}
		{D02F5E04-C500-44B5-99B1-AEB0AB169847} = {3998ADF2-910E-4517-8E98-28841D35AAA7}
		{D1D10545-9C47-4EAA-ADDA-88A0B5412A22} = {43857DFB-B003-4499-BC32-5F3C09D2C13D}
		{A328355D-8918-4699-806B-6DA4D6A6298B} = {42E81CB0-6F78-4A35-9940-924477A80394}
		{A0BD6026-6092-4A5F-82AB-57B75BFE4A26} = {D5010C41-A23D-481E-802E-7D061BCB3FAC}
		{0BEC64F2-0A68-484C-9C5E-A6ECE31640FD} = {BBB8F182-9D83-45F2-9C94-0C983105ACEC}
		{21575231-A8CC-42E1-BC40-BB0258C06935} = {784D32F1-69C3-44E6-BFC9-35B0BB394E55}
		{05E2FF9A-0AD2-4DC0-8BFD-A15522DB7229} = {E7B8C4C3-5176-4606-A7A0-B4A7ACCA320D}
		{2EBBB1E3-B726-4A95-A6C7-995EC9A6C621} = {7A4FDF8A-5E59-42F2-BFCE-747D92905A93}
		{DF290551-3117-40D4-A846-3B32DD4188ED} = {7A4FDF8A-5E59-42F2-BFCE-747D92905A93}
		{1072BE14-CBBF-4B20-9609-83002529E536} = {7A4FDF8A-5E59-42F2-BFCE-747D92905A93}
	EndGlobalSection
	GlobalSection(ExtensibilityGlobals) = postSolution
		SolutionGuid = {D2C854D1-0B41-4E0F-A8C2-F995CB7C5484}
	EndGlobalSection
EndGlobal
