
Microsoft Visual Studio Solution File, Format Version 12.00
# Visual Studio 15
VisualStudioVersion = 15.0.26403.7
MinimumVisualStudioVersion = 10.0.40219.1
Project("{2150E333-8FDC-42A3-9474-1A3956D46DE8}") = "Exemple 001", "Exemple 001", "{41CE4C70-D62B-4178-9D2A-C4D71000B634}"
EndProject
Project("{2150E333-8FDC-42A3-9474-1A3956D46DE8}") = "Découverte", "Découverte", "{F2D30470-D131-4EEA-96BA-DF25EDE753F7}"
EndProject
Project("{FAE04EC0-301F-11D3-BF4B-00C04F79EFBC}") = "R2D2pret", "R2D2pret\R2D2pret.csproj", "{2171B6D1-782A-4946-8F3B-F6202C530848}"
EndProject
Project("{2150E333-8FDC-42A3-9474-1A3956D46DE8}") = "Exemple 003", "Exemple 003", "{4BEF7CAB-3ACB-4A76-AE4F-7A7345AF501F}"
EndProject
Project("{FAE04EC0-301F-11D3-BF4B-00C04F79EFBC}") = "R2D2pret2", "R2D2pret2\R2D2pret2.csproj", "{09A4EEA8-D605-44AE-9B1B-80CB8463B8E2}"
EndProject
Project("{2150E333-8FDC-42A3-9474-1A3956D46DE8}") = "Variables et instructions", "Variables et instructions", "{B7D79CCE-D166-45D4-897D-BC8385BCB60F}"
EndProject
Project("{2150E333-8FDC-42A3-9474-1A3956D46DE8}") = "Les variables", "Les variables", "{6B358228-6AC6-4C4D-B627-05777C35FA1B}"
EndProject
Project("{2150E333-8FDC-42A3-9474-1A3956D46DE8}") = "Exemple 004", "Exemple 004", "{C095AD1A-8931-4E58-9427-4FE712B4BCAF}"
EndProject
Project("{FAE04EC0-301F-11D3-BF4B-00C04F79EFBC}") = "1R2D2prendVieLesTypesPrimitifs", "R2D2prendVie  - Les types primitifs\1R2D2prendVieLesTypesPrimitifs.csproj", "{D6356F13-0D9B-44FC-92F5-6F21A8B6B5D6}"
EndProject
Project("{FAE04EC0-301F-11D3-BF4B-00C04F79EFBC}") = "2R2D2prendVie", "R2D2prendVie\2R2D2prendVie.csproj", "{A1BCDBF4-554B-4331-BAAB-85E96DE95FBB}"
EndProject
Project("{FAE04EC0-301F-11D3-BF4B-00C04F79EFBC}") = "3R2D2prendVieOperateurs", "3R2D2prendVieOperateurs\3R2D2prendVieOperateurs.csproj", "{C501D2CB-F786-4A57-B978-51E054D9D78C}"
EndProject
Project("{2150E333-8FDC-42A3-9474-1A3956D46DE8}") = "Exemple 005", "Exemple 005", "{71A90566-1B0D-4592-BCE5-A0EC5EE67D97}"
EndProject
Global
	GlobalSection(SolutionConfigurationPlatforms) = preSolution
		Debug|Any CPU = Debug|Any CPU
		Release|Any CPU = Release|Any CPU
	EndGlobalSection
	GlobalSection(ProjectConfigurationPlatforms) = postSolution
		{2171B6D1-782A-4946-8F3B-F6202C530848}.Debug|Any CPU.ActiveCfg = Debug|Any CPU
		{2171B6D1-782A-4946-8F3B-F6202C530848}.Debug|Any CPU.Build.0 = Debug|Any CPU
		{2171B6D1-782A-4946-8F3B-F6202C530848}.Release|Any CPU.ActiveCfg = Release|Any CPU
		{2171B6D1-782A-4946-8F3B-F6202C530848}.Release|Any CPU.Build.0 = Release|Any CPU
		{09A4EEA8-D605-44AE-9B1B-80CB8463B8E2}.Debug|Any CPU.ActiveCfg = Debug|Any CPU
		{09A4EEA8-D605-44AE-9B1B-80CB8463B8E2}.Debug|Any CPU.Build.0 = Debug|Any CPU
		{09A4EEA8-D605-44AE-9B1B-80CB8463B8E2}.Release|Any CPU.ActiveCfg = Release|Any CPU
		{09A4EEA8-D605-44AE-9B1B-80CB8463B8E2}.Release|Any CPU.Build.0 = Release|Any CPU
		{D6356F13-0D9B-44FC-92F5-6F21A8B6B5D6}.Debug|Any CPU.ActiveCfg = Debug|Any CPU
		{D6356F13-0D9B-44FC-92F5-6F21A8B6B5D6}.Debug|Any CPU.Build.0 = Debug|Any CPU
		{D6356F13-0D9B-44FC-92F5-6F21A8B6B5D6}.Release|Any CPU.ActiveCfg = Release|Any CPU
		{D6356F13-0D9B-44FC-92F5-6F21A8B6B5D6}.Release|Any CPU.Build.0 = Release|Any CPU
		{A1BCDBF4-554B-4331-BAAB-85E96DE95FBB}.Debug|Any CPU.ActiveCfg = Debug|Any CPU
		{A1BCDBF4-554B-4331-BAAB-85E96DE95FBB}.Debug|Any CPU.Build.0 = Debug|Any CPU
		{A1BCDBF4-554B-4331-BAAB-85E96DE95FBB}.Release|Any CPU.ActiveCfg = Release|Any CPU
		{A1BCDBF4-554B-4331-BAAB-85E96DE95FBB}.Release|Any CPU.Build.0 = Release|Any CPU
		{C501D2CB-F786-4A57-B978-51E054D9D78C}.Debug|Any CPU.ActiveCfg = Debug|Any CPU
		{C501D2CB-F786-4A57-B978-51E054D9D78C}.Debug|Any CPU.Build.0 = Debug|Any CPU
		{C501D2CB-F786-4A57-B978-51E054D9D78C}.Release|Any CPU.ActiveCfg = Release|Any CPU
		{C501D2CB-F786-4A57-B978-51E054D9D78C}.Release|Any CPU.Build.0 = Release|Any CPU
	EndGlobalSection
	GlobalSection(SolutionProperties) = preSolution
		HideSolutionNode = FALSE
	EndGlobalSection
	GlobalSection(NestedProjects) = preSolution
		{41CE4C70-D62B-4178-9D2A-C4D71000B634} = {F2D30470-D131-4EEA-96BA-DF25EDE753F7}
		{2171B6D1-782A-4946-8F3B-F6202C530848} = {41CE4C70-D62B-4178-9D2A-C4D71000B634}
		{4BEF7CAB-3ACB-4A76-AE4F-7A7345AF501F} = {F2D30470-D131-4EEA-96BA-DF25EDE753F7}
		{09A4EEA8-D605-44AE-9B1B-80CB8463B8E2} = {4BEF7CAB-3ACB-4A76-AE4F-7A7345AF501F}
		{6B358228-6AC6-4C4D-B627-05777C35FA1B} = {B7D79CCE-D166-45D4-897D-BC8385BCB60F}
		{C095AD1A-8931-4E58-9427-4FE712B4BCAF} = {6B358228-6AC6-4C4D-B627-05777C35FA1B}
		{D6356F13-0D9B-44FC-92F5-6F21A8B6B5D6} = {C095AD1A-8931-4E58-9427-4FE712B4BCAF}
		{A1BCDBF4-554B-4331-BAAB-85E96DE95FBB} = {C095AD1A-8931-4E58-9427-4FE712B4BCAF}
		{C501D2CB-F786-4A57-B978-51E054D9D78C} = {71A90566-1B0D-4592-BCE5-A0EC5EE67D97}
		{71A90566-1B0D-4592-BCE5-A0EC5EE67D97} = {6B358228-6AC6-4C4D-B627-05777C35FA1B}
	EndGlobalSection
EndGlobal
